// !$*UTF8*$!
{
	archiveVersion = 1;
	classes = {
	};
	objectVersion = 46;
	objects = {

/* Begin PBXBuildFile section */
		C10EB48219E7579D00409AEE /* SDiPhoneVersion.m in Sources */ = {isa = PBXBuildFile; fileRef = C10EB48119E7579D00409AEE /* SDiPhoneVersion.m */; };
		C121D4EC19C93BCE0098BC94 /* Note.m in Sources */ = {isa = PBXBuildFile; fileRef = C121D4EB19C93BCE0098BC94 /* Note.m */; };
		C122902F19973A2B00460667 /* Foundation.framework in Frameworks */ = {isa = PBXBuildFile; fileRef = C122902E19973A2B00460667 /* Foundation.framework */; };
		C122903119973A2B00460667 /* CoreGraphics.framework in Frameworks */ = {isa = PBXBuildFile; fileRef = C122903019973A2B00460667 /* CoreGraphics.framework */; };
		C122903319973A2B00460667 /* UIKit.framework in Frameworks */ = {isa = PBXBuildFile; fileRef = C122903219973A2B00460667 /* UIKit.framework */; };
		C122903519973A2B00460667 /* CoreData.framework in Frameworks */ = {isa = PBXBuildFile; fileRef = C122903419973A2B00460667 /* CoreData.framework */; };
		C122903B19973A2B00460667 /* InfoPlist.strings in Resources */ = {isa = PBXBuildFile; fileRef = C122903919973A2B00460667 /* InfoPlist.strings */; };
		C122903D19973A2B00460667 /* main.m in Sources */ = {isa = PBXBuildFile; fileRef = C122903C19973A2B00460667 /* main.m */; };
		C122904119973A2B00460667 /* AppDelegate.m in Sources */ = {isa = PBXBuildFile; fileRef = C122904019973A2B00460667 /* AppDelegate.m */; };
		C122904619973A2B00460667 /* Images.xcassets in Resources */ = {isa = PBXBuildFile; fileRef = C122904519973A2B00460667 /* Images.xcassets */; };
		C122904D19973A2B00460667 /* XCTest.framework in Frameworks */ = {isa = PBXBuildFile; fileRef = C122904C19973A2B00460667 /* XCTest.framework */; };
		C122904E19973A2B00460667 /* Foundation.framework in Frameworks */ = {isa = PBXBuildFile; fileRef = C122902E19973A2B00460667 /* Foundation.framework */; };
		C122904F19973A2B00460667 /* UIKit.framework in Frameworks */ = {isa = PBXBuildFile; fileRef = C122903219973A2B00460667 /* UIKit.framework */; };
		C122905019973A2B00460667 /* CoreData.framework in Frameworks */ = {isa = PBXBuildFile; fileRef = C122903419973A2B00460667 /* CoreData.framework */; };
		C122905819973A2B00460667 /* InfoPlist.strings in Resources */ = {isa = PBXBuildFile; fileRef = C122905619973A2B00460667 /* InfoPlist.strings */; };
		C122905A19973A2B00460667 /* ClarityTests.m in Sources */ = {isa = PBXBuildFile; fileRef = C122905919973A2B00460667 /* ClarityTests.m */; };
		C122908A19973A6400460667 /* DoActionSheet.m in Sources */ = {isa = PBXBuildFile; fileRef = C122906619973A6400460667 /* DoActionSheet.m */; };
		C122908B19973A6400460667 /* .gitignore in Resources */ = {isa = PBXBuildFile; fileRef = C122906819973A6400460667 /* .gitignore */; };
		C122908C19973A6400460667 /* LICENSE_UIImage-ResizeMagick in Resources */ = {isa = PBXBuildFile; fileRef = C122906919973A6400460667 /* LICENSE_UIImage-ResizeMagick */; };
		C122908D19973A6400460667 /* README_UIImage-ResizeMagick.md in Resources */ = {isa = PBXBuildFile; fileRef = C122906A19973A6400460667 /* README_UIImage-ResizeMagick.md */; };
		C122908E19973A6400460667 /* UIImage+ResizeMagick.m in Sources */ = {isa = PBXBuildFile; fileRef = C122906C19973A6400460667 /* UIImage+ResizeMagick.m */; };
		C122908F19973A6400460667 /* UIImage-ResizeMagick.podspec in Resources */ = {isa = PBXBuildFile; fileRef = C122906D19973A6400460667 /* UIImage-ResizeMagick.podspec */; };
		C122909719973A6400460667 /* YRDropdownView.m in Sources */ = {isa = PBXBuildFile; fileRef = C122908919973A6400460667 /* YRDropdownView.m */; };
		C12290A319973A7200460667 /* NSUserDefaults+Extension.m in Sources */ = {isa = PBXBuildFile; fileRef = C122909A19973A7100460667 /* NSUserDefaults+Extension.m */; };
		C12290A419973A7200460667 /* UIButtonPressAndHold.m in Sources */ = {isa = PBXBuildFile; fileRef = C122909C19973A7100460667 /* UIButtonPressAndHold.m */; };
		C12290A519973A7200460667 /* UIColor+CustomColors.m in Sources */ = {isa = PBXBuildFile; fileRef = C122909E19973A7100460667 /* UIColor+CustomColors.m */; };
		C12290A619973A7200460667 /* UIImage+ChangeColor.m in Sources */ = {isa = PBXBuildFile; fileRef = C12290A019973A7100460667 /* UIImage+ChangeColor.m */; };
		C12290A719973A7200460667 /* UIImage+MakeThumbnail.m in Sources */ = {isa = PBXBuildFile; fileRef = C12290A219973A7200460667 /* UIImage+MakeThumbnail.m */; };
		C12290CD19973A7E00460667 /* ClarityConstants.m in Sources */ = {isa = PBXBuildFile; fileRef = C12290AA19973A7E00460667 /* ClarityConstants.m */; };
		C12290CE19973A7E00460667 /* AboutViewController.m in Sources */ = {isa = PBXBuildFile; fileRef = C12290AD19973A7E00460667 /* AboutViewController.m */; };
		C12290CF19973A7E00460667 /* DropboxAddEditViewController.m in Sources */ = {isa = PBXBuildFile; fileRef = C12290AF19973A7E00460667 /* DropboxAddEditViewController.m */; };
		C12290D019973A7E00460667 /* DropboxNoteListViewController.m in Sources */ = {isa = PBXBuildFile; fileRef = C12290B119973A7E00460667 /* DropboxNoteListViewController.m */; };
		C12290D119973A7E00460667 /* DropboxSettingsTableViewController.m in Sources */ = {isa = PBXBuildFile; fileRef = C12290B319973A7E00460667 /* DropboxSettingsTableViewController.m */; };
		C12290D219973A7E00460667 /* DropboxStarViewController.m in Sources */ = {isa = PBXBuildFile; fileRef = C12290B519973A7E00460667 /* DropboxStarViewController.m */; };
		C12290D319973A7E00460667 /* LeftViewController.m in Sources */ = {isa = PBXBuildFile; fileRef = C12290B719973A7E00460667 /* LeftViewController.m */; };
		C12290D419973A7E00460667 /* LocalAddEditViewController.m in Sources */ = {isa = PBXBuildFile; fileRef = C12290B919973A7E00460667 /* LocalAddEditViewController.m */; };
		C12290D519973A7E00460667 /* LocalNoteListViewController.m in Sources */ = {isa = PBXBuildFile; fileRef = C12290BB19973A7E00460667 /* LocalNoteListViewController.m */; };
		C12290D619973A7E00460667 /* LocalStarViewController.m in Sources */ = {isa = PBXBuildFile; fileRef = C12290BD19973A7E00460667 /* LocalStarViewController.m */; };
		C12290D719973A7E00460667 /* MarkdownGuideViewController.m in Sources */ = {isa = PBXBuildFile; fileRef = C12290BF19973A7E00460667 /* MarkdownGuideViewController.m */; };
		C12290D819973A7E00460667 /* MarkdownWebViewController.m in Sources */ = {isa = PBXBuildFile; fileRef = C12290C119973A7E00460667 /* MarkdownWebViewController.m */; };
		C12290D919973A7E00460667 /* NoteTitlePopinViewController.m in Sources */ = {isa = PBXBuildFile; fileRef = C12290C319973A7E00460667 /* NoteTitlePopinViewController.m */; };
		C12290DA19973A7E00460667 /* NoteTitlePopinViewController.xib in Resources */ = {isa = PBXBuildFile; fileRef = C12290C419973A7E00460667 /* NoteTitlePopinViewController.xib */; };
		C12290DB19973A7E00460667 /* OpenSourceLicencesViewController.m in Sources */ = {isa = PBXBuildFile; fileRef = C12290C619973A7E00460667 /* OpenSourceLicencesViewController.m */; };
		C12290DC19973A7E00460667 /* SupportTableViewController.m in Sources */ = {isa = PBXBuildFile; fileRef = C12290C819973A7E00460667 /* SupportTableViewController.m */; };
		C12290DD19973A7E00460667 /* WelcomePageViewController.m in Sources */ = {isa = PBXBuildFile; fileRef = C12290CA19973A7E00460667 /* WelcomePageViewController.m */; };
		C12290DE19973A7E00460667 /* WelcomeViewController.m in Sources */ = {isa = PBXBuildFile; fileRef = C12290CC19973A7E00460667 /* WelcomeViewController.m */; };
		C12290E319973B6000460667 /* AboutClarity.html in Resources */ = {isa = PBXBuildFile; fileRef = C12290E019973B6000460667 /* AboutClarity.html */; };
		C12290E419973B6000460667 /* Clarity_OpenSourceLicences.html in Resources */ = {isa = PBXBuildFile; fileRef = C12290E119973B6000460667 /* Clarity_OpenSourceLicences.html */; };
		C12290E519973B6000460667 /* ClarityMarkdownSyntaxGuide.html in Resources */ = {isa = PBXBuildFile; fileRef = C12290E219973B6000460667 /* ClarityMarkdownSyntaxGuide.html */; };
		C12290E819973B6C00460667 /* jMarkdown_iPad.css in Resources */ = {isa = PBXBuildFile; fileRef = C12290E719973B6C00460667 /* jMarkdown_iPad.css */; };
		C12290EC19973BA100460667 /* WelcomePage.m in Sources */ = {isa = PBXBuildFile; fileRef = C12290EB19973BA100460667 /* WelcomePage.m */; };
		C12290F819973BAA00460667 /* BackgroundLayer.m in Sources */ = {isa = PBXBuildFile; fileRef = C12290EF19973BAA00460667 /* BackgroundLayer.m */; };
		C12290F919973BAA00460667 /* JTextView.m in Sources */ = {isa = PBXBuildFile; fileRef = C12290F119973BAA00460667 /* JTextView.m */; };
		C12290FA19973BAA00460667 /* LeftTableViewCell.m in Sources */ = {isa = PBXBuildFile; fileRef = C12290F319973BAA00460667 /* LeftTableViewCell.m */; };
		C12290FB19973BAA00460667 /* LeftTableViewCell.xib in Resources */ = {isa = PBXBuildFile; fileRef = C12290F419973BAA00460667 /* LeftTableViewCell.xib */; };
		C12290FC19973BAA00460667 /* NoteTableViewCell.m in Sources */ = {isa = PBXBuildFile; fileRef = C12290F619973BAA00460667 /* NoteTableViewCell.m */; };
		C12290FD19973BAA00460667 /* NoteTableViewCell.xib in Resources */ = {isa = PBXBuildFile; fileRef = C12290F719973BAA00460667 /* NoteTableViewCell.xib */; };
		C122910819973BE100460667 /* NoteDataManager.m in Sources */ = {isa = PBXBuildFile; fileRef = C122910419973BE100460667 /* NoteDataManager.m */; };
		C122910C19973CE100460667 /* Clarity.xcdatamodeld in Sources */ = {isa = PBXBuildFile; fileRef = C122910A19973CE100460667 /* Clarity.xcdatamodeld */; };
		C122910E19973D0600460667 /* Main_iPhone.storyboard in Resources */ = {isa = PBXBuildFile; fileRef = C122910D19973D0600460667 /* Main_iPhone.storyboard */; };
		C122911219973FDF00460667 /* libMMMarkdown-iOS.a in Frameworks */ = {isa = PBXBuildFile; fileRef = C122911019973FDF00460667 /* libMMMarkdown-iOS.a */; };
		C125D34219AEDA1D00D9E892 /* WhatsNew.strings in Resources */ = {isa = PBXBuildFile; fileRef = C125D32C19AEDA1D00D9E892 /* WhatsNew.strings */; };
		C125D34319AEDA1D00D9E892 /* MTZWhatsNew.m in Sources */ = {isa = PBXBuildFile; fileRef = C125D33019AEDA1D00D9E892 /* MTZWhatsNew.m */; };
		C125D34419AEDA1D00D9E892 /* MTZCollectionView.m in Sources */ = {isa = PBXBuildFile; fileRef = C125D33319AEDA1D00D9E892 /* MTZCollectionView.m */; };
		C125D34519AEDA1D00D9E892 /* MTZWhatsNewFeatureCollectionViewCell.m in Sources */ = {isa = PBXBuildFile; fileRef = C125D33519AEDA1D00D9E892 /* MTZWhatsNewFeatureCollectionViewCell.m */; };
		C125D34619AEDA1D00D9E892 /* MTZWhatsNewGridViewController.m in Sources */ = {isa = PBXBuildFile; fileRef = C125D33719AEDA1D00D9E892 /* MTZWhatsNewGridViewController.m */; };
		C125D34719AEDA1D00D9E892 /* MTZWhatsNewViewController.m in Sources */ = {isa = PBXBuildFile; fileRef = C125D33919AEDA1D00D9E892 /* MTZWhatsNewViewController.m */; };
		C125D34819AEDA1D00D9E892 /* NSLayoutConstraint+Common.m in Sources */ = {isa = PBXBuildFile; fileRef = C125D33C19AEDA1D00D9E892 /* NSLayoutConstraint+Common.m */; };
		C125D34919AEDA1D00D9E892 /* LICENSE.txt in Resources */ = {isa = PBXBuildFile; fileRef = C125D33E19AEDA1D00D9E892 /* LICENSE.txt */; };
		C125D34A19AEDA1D00D9E892 /* SAMGradientView.m in Sources */ = {isa = PBXBuildFile; fileRef = C125D34019AEDA1D00D9E892 /* SAMGradientView.m */; };
		C125D34B19AEDA1D00D9E892 /* WhatsNewLICENSE.md in Resources */ = {isa = PBXBuildFile; fileRef = C125D34119AEDA1D00D9E892 /* WhatsNewLICENSE.md */; };
		C125D34D19AEDA4800D9E892 /* What's New.plist in Resources */ = {isa = PBXBuildFile; fileRef = C125D34C19AEDA4800D9E892 /* What's New.plist */; };
		C12FE79019CFBA64001209B2 /* Main_iPad.storyboard in Resources */ = {isa = PBXBuildFile; fileRef = C12FE78F19CFBA64001209B2 /* Main_iPad.storyboard */; };
		C12FE79319CFD54A001209B2 /* BlankViewController.m in Sources */ = {isa = PBXBuildFile; fileRef = C12FE79219CFD54A001209B2 /* BlankViewController.m */; };
		C12FE79819D12014001209B2 /* JGActionSheet.m in Sources */ = {isa = PBXBuildFile; fileRef = C12FE79719D12014001209B2 /* JGActionSheet.m */; };
		C1303D4C19E28CF100A6FB03 /* jMarkdown_iPad_ForWebView.css in Resources */ = {isa = PBXBuildFile; fileRef = C1303D4B19E28CF100A6FB03 /* jMarkdown_iPad_ForWebView.css */; };
		C14EBAD719E4BC3E00AD7A17 /* UIColor+HBVHarmonies.m in Sources */ = {isa = PBXBuildFile; fileRef = C14EBAD619E4BC3E00AD7A17 /* UIColor+HBVHarmonies.m */; };
		C16A52541A188BD900DF9267 /* Launch Screen.xib in Resources */ = {isa = PBXBuildFile; fileRef = C16A52531A188BD900DF9267 /* Launch Screen.xib */; };
		C173258F19D24C1C001ED5D5 /* AboutClarity_iPad.html in Resources */ = {isa = PBXBuildFile; fileRef = C173258C19D24C1C001ED5D5 /* AboutClarity_iPad.html */; };
		C173259019D24C1C001ED5D5 /* Clarity_OpenSourceLicences_iPad.html in Resources */ = {isa = PBXBuildFile; fileRef = C173258D19D24C1C001ED5D5 /* Clarity_OpenSourceLicences_iPad.html */; };
		C173259119D24C1C001ED5D5 /* ClarityMarkdownSyntaxGuide_iPad.html in Resources */ = {isa = PBXBuildFile; fileRef = C173258E19D24C1C001ED5D5 /* ClarityMarkdownSyntaxGuide_iPad.html */; };
		C173259519D25D84001ED5D5 /* NoteTitlePopinViewController_iPad.xib in Resources */ = {isa = PBXBuildFile; fileRef = C173259419D25D84001ED5D5 /* NoteTitlePopinViewController_iPad.xib */; };
		C1734D2D19D8F22600813FA1 /* FCFileManager.m in Sources */ = {isa = PBXBuildFile; fileRef = C1734D2C19D8F22600813FA1 /* FCFileManager.m */; };
		C1ABF0C519985B7A00E622CA /* MainSidePanelViewController.m in Sources */ = {isa = PBXBuildFile; fileRef = C1ABF0C419985B7A00E622CA /* MainSidePanelViewController.m */; };
		C1ABF0CD19985CF400E622CA /* JASidePanelController.m in Sources */ = {isa = PBXBuildFile; fileRef = C1ABF0C819985CF400E622CA /* JASidePanelController.m */; };
		C1ABF0CE19985CF400E622CA /* LogViewController.m in Sources */ = {isa = PBXBuildFile; fileRef = C1ABF0CA19985CF400E622CA /* LogViewController.m */; };
		C1ABF0CF19985CF400E622CA /* UIViewController+JASidePanel.m in Sources */ = {isa = PBXBuildFile; fileRef = C1ABF0CC19985CF400E622CA /* UIViewController+JASidePanel.m */; };
		C1E7469A19E4D82A00FCACE5 /* jMarkdown_iPhone.css in Resources */ = {isa = PBXBuildFile; fileRef = C1E7469919E4D82A00FCACE5 /* jMarkdown_iPhone.css */; };
		C1E7469C19E4D99700FCACE5 /* jMarkdown_iPhone_ForWebView.css in Resources */ = {isa = PBXBuildFile; fileRef = C1E7469B19E4D99700FCACE5 /* jMarkdown_iPhone_ForWebView.css */; };
		C1EF466D19D7F9C200CD7E32 /* TOWebViewControllerLocalizable.strings in Resources */ = {isa = PBXBuildFile; fileRef = C1EF465C19D7F9C200CD7E32 /* TOWebViewControllerLocalizable.strings */; };
		C1EF466E19D7F9C200CD7E32 /* TOActivityChrome.m in Sources */ = {isa = PBXBuildFile; fileRef = C1EF466419D7F9C200CD7E32 /* TOActivityChrome.m */; };
		C1EF466F19D7F9C200CD7E32 /* TOActivitySafari.m in Sources */ = {isa = PBXBuildFile; fileRef = C1EF466619D7F9C200CD7E32 /* TOActivitySafari.m */; };
		C1EF467019D7F9C200CD7E32 /* TOWebViewController.m in Sources */ = {isa = PBXBuildFile; fileRef = C1EF466819D7F9C200CD7E32 /* TOWebViewController.m */; };
		C1EF467119D7F9C200CD7E32 /* UIImage+TOWebViewControllerIcons.m in Sources */ = {isa = PBXBuildFile; fileRef = C1EF466A19D7F9C200CD7E32 /* UIImage+TOWebViewControllerIcons.m */; };
		C1EF467319D80ACF00CD7E32 /* Twitter.framework in Frameworks */ = {isa = PBXBuildFile; fileRef = C1EF467219D80ACF00CD7E32 /* Twitter.framework */; };
		C1EF467519D80AEA00CD7E32 /* MessageUI.framework in Frameworks */ = {isa = PBXBuildFile; fileRef = C1EF467419D80AEA00CD7E32 /* MessageUI.framework */; };
		C1EF467719D80AF900CD7E32 /* QuartzCore.framework in Frameworks */ = {isa = PBXBuildFile; fileRef = C1EF467619D80AF900CD7E32 /* QuartzCore.framework */; };
		C1F0580C19C961BA0073530A /* UIViewController+MaryPopin.m in Sources */ = {isa = PBXBuildFile; fileRef = C1F0580B19C961BA0073530A /* UIViewController+MaryPopin.m */; };
		C1F1CC8519DE522600E916AA /* LocalNote.m in Sources */ = {isa = PBXBuildFile; fileRef = C1F1CC8419DE522600E916AA /* LocalNote.m */; };
		C1F1CC8819DE541300E916AA /* DropboxNote.m in Sources */ = {isa = PBXBuildFile; fileRef = C1F1CC8719DE541300E916AA /* DropboxNote.m */; };
		C331FC139151431BB224E126 /* libPods.a in Frameworks */ = {isa = PBXBuildFile; fileRef = D6E8D91E9C764F1DBB2C6C0E /* libPods.a */; };
/* End PBXBuildFile section */

/* Begin PBXContainerItemProxy section */
		C122905119973A2B00460667 /* PBXContainerItemProxy */ = {
			isa = PBXContainerItemProxy;
			containerPortal = C122902319973A2B00460667 /* Project object */;
			proxyType = 1;
			remoteGlobalIDString = C122902A19973A2B00460667;
			remoteInfo = Clarity;
		};
/* End PBXContainerItemProxy section */

/* Begin PBXFileReference section */
		62EF1565489047DBA75023BE /* Pods.xcconfig */ = {isa = PBXFileReference; includeInIndex = 1; lastKnownFileType = text.xcconfig; name = Pods.xcconfig; path = Pods/Pods.xcconfig; sourceTree = "<group>"; };
		C10EB48019E7579D00409AEE /* SDiPhoneVersion.h */ = {isa = PBXFileReference; fileEncoding = 4; lastKnownFileType = sourcecode.c.h; path = SDiPhoneVersion.h; sourceTree = "<group>"; };
		C10EB48119E7579D00409AEE /* SDiPhoneVersion.m */ = {isa = PBXFileReference; fileEncoding = 4; lastKnownFileType = sourcecode.c.objc; path = SDiPhoneVersion.m; sourceTree = "<group>"; };
		C121D4E619C93AB30098BC94 /* ClarityHD 2.xcdatamodel */ = {isa = PBXFileReference; lastKnownFileType = wrapper.xcdatamodel; path = "ClarityHD 2.xcdatamodel"; sourceTree = "<group>"; };
		C121D4EA19C93BCE0098BC94 /* Note.h */ = {isa = PBXFileReference; fileEncoding = 4; lastKnownFileType = sourcecode.c.h; path = Note.h; sourceTree = "<group>"; };
		C121D4EB19C93BCE0098BC94 /* Note.m */ = {isa = PBXFileReference; fileEncoding = 4; lastKnownFileType = sourcecode.c.objc; path = Note.m; sourceTree = "<group>"; };
		C122902B19973A2B00460667 /* Clarity.app */ = {isa = PBXFileReference; explicitFileType = wrapper.application; includeInIndex = 0; path = Clarity.app; sourceTree = BUILT_PRODUCTS_DIR; };
		C122902E19973A2B00460667 /* Foundation.framework */ = {isa = PBXFileReference; lastKnownFileType = wrapper.framework; name = Foundation.framework; path = System/Library/Frameworks/Foundation.framework; sourceTree = SDKROOT; };
		C122903019973A2B00460667 /* CoreGraphics.framework */ = {isa = PBXFileReference; lastKnownFileType = wrapper.framework; name = CoreGraphics.framework; path = System/Library/Frameworks/CoreGraphics.framework; sourceTree = SDKROOT; };
		C122903219973A2B00460667 /* UIKit.framework */ = {isa = PBXFileReference; lastKnownFileType = wrapper.framework; name = UIKit.framework; path = System/Library/Frameworks/UIKit.framework; sourceTree = SDKROOT; };
		C122903419973A2B00460667 /* CoreData.framework */ = {isa = PBXFileReference; lastKnownFileType = wrapper.framework; name = CoreData.framework; path = System/Library/Frameworks/CoreData.framework; sourceTree = SDKROOT; };
		C122903819973A2B00460667 /* Clarity-Info.plist */ = {isa = PBXFileReference; lastKnownFileType = text.plist.xml; path = "Clarity-Info.plist"; sourceTree = "<group>"; };
		C122903A19973A2B00460667 /* en */ = {isa = PBXFileReference; lastKnownFileType = text.plist.strings; name = en; path = en.lproj/InfoPlist.strings; sourceTree = "<group>"; };
		C122903C19973A2B00460667 /* main.m */ = {isa = PBXFileReference; lastKnownFileType = sourcecode.c.objc; path = main.m; sourceTree = "<group>"; };
		C122903E19973A2B00460667 /* Clarity-Prefix.pch */ = {isa = PBXFileReference; lastKnownFileType = sourcecode.c.h; path = "Clarity-Prefix.pch"; sourceTree = "<group>"; };
		C122903F19973A2B00460667 /* AppDelegate.h */ = {isa = PBXFileReference; lastKnownFileType = sourcecode.c.h; name = AppDelegate.h; path = ../AppDelegate.h; sourceTree = "<group>"; };
		C122904019973A2B00460667 /* AppDelegate.m */ = {isa = PBXFileReference; lastKnownFileType = sourcecode.c.objc; name = AppDelegate.m; path = ../AppDelegate.m; sourceTree = "<group>"; };
		C122904519973A2B00460667 /* Images.xcassets */ = {isa = PBXFileReference; lastKnownFileType = folder.assetcatalog; name = Images.xcassets; path = ../Images.xcassets; sourceTree = "<group>"; };
		C122904B19973A2B00460667 /* ClarityTests.xctest */ = {isa = PBXFileReference; explicitFileType = wrapper.cfbundle; includeInIndex = 0; path = ClarityTests.xctest; sourceTree = BUILT_PRODUCTS_DIR; };
		C122904C19973A2B00460667 /* XCTest.framework */ = {isa = PBXFileReference; lastKnownFileType = wrapper.framework; name = XCTest.framework; path = Library/Frameworks/XCTest.framework; sourceTree = DEVELOPER_DIR; };
		C122905519973A2B00460667 /* ClarityTests-Info.plist */ = {isa = PBXFileReference; lastKnownFileType = text.plist.xml; path = "ClarityTests-Info.plist"; sourceTree = "<group>"; };
		C122905719973A2B00460667 /* en */ = {isa = PBXFileReference; lastKnownFileType = text.plist.strings; name = en; path = en.lproj/InfoPlist.strings; sourceTree = "<group>"; };
		C122905919973A2B00460667 /* ClarityTests.m */ = {isa = PBXFileReference; lastKnownFileType = sourcecode.c.objc; path = ClarityTests.m; sourceTree = "<group>"; };
		C122906519973A6400460667 /* DoActionSheet.h */ = {isa = PBXFileReference; fileEncoding = 4; lastKnownFileType = sourcecode.c.h; path = DoActionSheet.h; sourceTree = "<group>"; };
		C122906619973A6400460667 /* DoActionSheet.m */ = {isa = PBXFileReference; fileEncoding = 4; lastKnownFileType = sourcecode.c.objc; path = DoActionSheet.m; sourceTree = "<group>"; };
		C122906819973A6400460667 /* .gitignore */ = {isa = PBXFileReference; fileEncoding = 4; lastKnownFileType = text; path = .gitignore; sourceTree = "<group>"; };
		C122906919973A6400460667 /* LICENSE_UIImage-ResizeMagick */ = {isa = PBXFileReference; fileEncoding = 4; lastKnownFileType = text; path = "LICENSE_UIImage-ResizeMagick"; sourceTree = "<group>"; };
		C122906A19973A6400460667 /* README_UIImage-ResizeMagick.md */ = {isa = PBXFileReference; fileEncoding = 4; lastKnownFileType = text; path = "README_UIImage-ResizeMagick.md"; sourceTree = "<group>"; };
		C122906B19973A6400460667 /* UIImage+ResizeMagick.h */ = {isa = PBXFileReference; fileEncoding = 4; lastKnownFileType = sourcecode.c.h; path = "UIImage+ResizeMagick.h"; sourceTree = "<group>"; };
		C122906C19973A6400460667 /* UIImage+ResizeMagick.m */ = {isa = PBXFileReference; fileEncoding = 4; lastKnownFileType = sourcecode.c.objc; path = "UIImage+ResizeMagick.m"; sourceTree = "<group>"; };
		C122906D19973A6400460667 /* UIImage-ResizeMagick.podspec */ = {isa = PBXFileReference; fileEncoding = 4; lastKnownFileType = text; path = "UIImage-ResizeMagick.podspec"; sourceTree = "<group>"; };
		C122908819973A6400460667 /* YRDropdownView.h */ = {isa = PBXFileReference; fileEncoding = 4; lastKnownFileType = sourcecode.c.h; path = YRDropdownView.h; sourceTree = "<group>"; };
		C122908919973A6400460667 /* YRDropdownView.m */ = {isa = PBXFileReference; fileEncoding = 4; lastKnownFileType = sourcecode.c.objc; path = YRDropdownView.m; sourceTree = "<group>"; };
		C122909919973A7100460667 /* NSUserDefaults+Extension.h */ = {isa = PBXFileReference; fileEncoding = 4; lastKnownFileType = sourcecode.c.h; path = "NSUserDefaults+Extension.h"; sourceTree = "<group>"; };
		C122909A19973A7100460667 /* NSUserDefaults+Extension.m */ = {isa = PBXFileReference; fileEncoding = 4; lastKnownFileType = sourcecode.c.objc; path = "NSUserDefaults+Extension.m"; sourceTree = "<group>"; };
		C122909B19973A7100460667 /* UIButtonPressAndHold.h */ = {isa = PBXFileReference; fileEncoding = 4; lastKnownFileType = sourcecode.c.h; path = UIButtonPressAndHold.h; sourceTree = "<group>"; };
		C122909C19973A7100460667 /* UIButtonPressAndHold.m */ = {isa = PBXFileReference; fileEncoding = 4; lastKnownFileType = sourcecode.c.objc; path = UIButtonPressAndHold.m; sourceTree = "<group>"; };
		C122909D19973A7100460667 /* UIColor+CustomColors.h */ = {isa = PBXFileReference; fileEncoding = 4; lastKnownFileType = sourcecode.c.h; path = "UIColor+CustomColors.h"; sourceTree = "<group>"; };
		C122909E19973A7100460667 /* UIColor+CustomColors.m */ = {isa = PBXFileReference; fileEncoding = 4; lastKnownFileType = sourcecode.c.objc; path = "UIColor+CustomColors.m"; sourceTree = "<group>"; };
		C122909F19973A7100460667 /* UIImage+ChangeColor.h */ = {isa = PBXFileReference; fileEncoding = 4; lastKnownFileType = sourcecode.c.h; path = "UIImage+ChangeColor.h"; sourceTree = "<group>"; };
		C12290A019973A7100460667 /* UIImage+ChangeColor.m */ = {isa = PBXFileReference; fileEncoding = 4; lastKnownFileType = sourcecode.c.objc; path = "UIImage+ChangeColor.m"; sourceTree = "<group>"; };
		C12290A119973A7100460667 /* UIImage+MakeThumbnail.h */ = {isa = PBXFileReference; fileEncoding = 4; lastKnownFileType = sourcecode.c.h; path = "UIImage+MakeThumbnail.h"; sourceTree = "<group>"; };
		C12290A219973A7200460667 /* UIImage+MakeThumbnail.m */ = {isa = PBXFileReference; fileEncoding = 4; lastKnownFileType = sourcecode.c.objc; path = "UIImage+MakeThumbnail.m"; sourceTree = "<group>"; };
		C12290A919973A7E00460667 /* ClarityConstants.h */ = {isa = PBXFileReference; fileEncoding = 4; lastKnownFileType = sourcecode.c.h; path = ClarityConstants.h; sourceTree = "<group>"; };
		C12290AA19973A7E00460667 /* ClarityConstants.m */ = {isa = PBXFileReference; fileEncoding = 4; lastKnownFileType = sourcecode.c.objc; path = ClarityConstants.m; sourceTree = "<group>"; };
		C12290AC19973A7E00460667 /* AboutViewController.h */ = {isa = PBXFileReference; fileEncoding = 4; lastKnownFileType = sourcecode.c.h; path = AboutViewController.h; sourceTree = "<group>"; };
		C12290AD19973A7E00460667 /* AboutViewController.m */ = {isa = PBXFileReference; fileEncoding = 4; lastKnownFileType = sourcecode.c.objc; path = AboutViewController.m; sourceTree = "<group>"; };
		C12290AE19973A7E00460667 /* DropboxAddEditViewController.h */ = {isa = PBXFileReference; fileEncoding = 4; lastKnownFileType = sourcecode.c.h; path = DropboxAddEditViewController.h; sourceTree = "<group>"; };
		C12290AF19973A7E00460667 /* DropboxAddEditViewController.m */ = {isa = PBXFileReference; fileEncoding = 4; lastKnownFileType = sourcecode.c.objc; path = DropboxAddEditViewController.m; sourceTree = "<group>"; };
		C12290B019973A7E00460667 /* DropboxNoteListViewController.h */ = {isa = PBXFileReference; fileEncoding = 4; lastKnownFileType = sourcecode.c.h; path = DropboxNoteListViewController.h; sourceTree = "<group>"; };
		C12290B119973A7E00460667 /* DropboxNoteListViewController.m */ = {isa = PBXFileReference; fileEncoding = 4; lastKnownFileType = sourcecode.c.objc; path = DropboxNoteListViewController.m; sourceTree = "<group>"; };
		C12290B219973A7E00460667 /* DropboxSettingsTableViewController.h */ = {isa = PBXFileReference; fileEncoding = 4; lastKnownFileType = sourcecode.c.h; path = DropboxSettingsTableViewController.h; sourceTree = "<group>"; };
		C12290B319973A7E00460667 /* DropboxSettingsTableViewController.m */ = {isa = PBXFileReference; fileEncoding = 4; lastKnownFileType = sourcecode.c.objc; path = DropboxSettingsTableViewController.m; sourceTree = "<group>"; };
		C12290B419973A7E00460667 /* DropboxStarViewController.h */ = {isa = PBXFileReference; fileEncoding = 4; lastKnownFileType = sourcecode.c.h; path = DropboxStarViewController.h; sourceTree = "<group>"; };
		C12290B519973A7E00460667 /* DropboxStarViewController.m */ = {isa = PBXFileReference; fileEncoding = 4; lastKnownFileType = sourcecode.c.objc; path = DropboxStarViewController.m; sourceTree = "<group>"; };
		C12290B619973A7E00460667 /* LeftViewController.h */ = {isa = PBXFileReference; fileEncoding = 4; lastKnownFileType = sourcecode.c.h; path = LeftViewController.h; sourceTree = "<group>"; };
		C12290B719973A7E00460667 /* LeftViewController.m */ = {isa = PBXFileReference; fileEncoding = 4; lastKnownFileType = sourcecode.c.objc; path = LeftViewController.m; sourceTree = "<group>"; };
		C12290B819973A7E00460667 /* LocalAddEditViewController.h */ = {isa = PBXFileReference; fileEncoding = 4; lastKnownFileType = sourcecode.c.h; path = LocalAddEditViewController.h; sourceTree = "<group>"; };
		C12290B919973A7E00460667 /* LocalAddEditViewController.m */ = {isa = PBXFileReference; fileEncoding = 4; lastKnownFileType = sourcecode.c.objc; path = LocalAddEditViewController.m; sourceTree = "<group>"; };
		C12290BA19973A7E00460667 /* LocalNoteListViewController.h */ = {isa = PBXFileReference; fileEncoding = 4; lastKnownFileType = sourcecode.c.h; path = LocalNoteListViewController.h; sourceTree = "<group>"; };
		C12290BB19973A7E00460667 /* LocalNoteListViewController.m */ = {isa = PBXFileReference; fileEncoding = 4; lastKnownFileType = sourcecode.c.objc; path = LocalNoteListViewController.m; sourceTree = "<group>"; };
		C12290BC19973A7E00460667 /* LocalStarViewController.h */ = {isa = PBXFileReference; fileEncoding = 4; lastKnownFileType = sourcecode.c.h; path = LocalStarViewController.h; sourceTree = "<group>"; };
		C12290BD19973A7E00460667 /* LocalStarViewController.m */ = {isa = PBXFileReference; fileEncoding = 4; lastKnownFileType = sourcecode.c.objc; path = LocalStarViewController.m; sourceTree = "<group>"; };
		C12290BE19973A7E00460667 /* MarkdownGuideViewController.h */ = {isa = PBXFileReference; fileEncoding = 4; lastKnownFileType = sourcecode.c.h; path = MarkdownGuideViewController.h; sourceTree = "<group>"; };
		C12290BF19973A7E00460667 /* MarkdownGuideViewController.m */ = {isa = PBXFileReference; fileEncoding = 4; lastKnownFileType = sourcecode.c.objc; path = MarkdownGuideViewController.m; sourceTree = "<group>"; };
		C12290C019973A7E00460667 /* MarkdownWebViewController.h */ = {isa = PBXFileReference; fileEncoding = 4; lastKnownFileType = sourcecode.c.h; path = MarkdownWebViewController.h; sourceTree = "<group>"; };
		C12290C119973A7E00460667 /* MarkdownWebViewController.m */ = {isa = PBXFileReference; fileEncoding = 4; lastKnownFileType = sourcecode.c.objc; path = MarkdownWebViewController.m; sourceTree = "<group>"; };
		C12290C219973A7E00460667 /* NoteTitlePopinViewController.h */ = {isa = PBXFileReference; fileEncoding = 4; lastKnownFileType = sourcecode.c.h; path = NoteTitlePopinViewController.h; sourceTree = "<group>"; };
		C12290C319973A7E00460667 /* NoteTitlePopinViewController.m */ = {isa = PBXFileReference; fileEncoding = 4; lastKnownFileType = sourcecode.c.objc; path = NoteTitlePopinViewController.m; sourceTree = "<group>"; };
		C12290C419973A7E00460667 /* NoteTitlePopinViewController.xib */ = {isa = PBXFileReference; fileEncoding = 4; lastKnownFileType = file.xib; name = NoteTitlePopinViewController.xib; path = ../Controllers/NoteTitlePopinViewController.xib; sourceTree = "<group>"; };
		C12290C519973A7E00460667 /* OpenSourceLicencesViewController.h */ = {isa = PBXFileReference; fileEncoding = 4; lastKnownFileType = sourcecode.c.h; path = OpenSourceLicencesViewController.h; sourceTree = "<group>"; };
		C12290C619973A7E00460667 /* OpenSourceLicencesViewController.m */ = {isa = PBXFileReference; fileEncoding = 4; lastKnownFileType = sourcecode.c.objc; path = OpenSourceLicencesViewController.m; sourceTree = "<group>"; };
		C12290C719973A7E00460667 /* SupportTableViewController.h */ = {isa = PBXFileReference; fileEncoding = 4; lastKnownFileType = sourcecode.c.h; path = SupportTableViewController.h; sourceTree = "<group>"; };
		C12290C819973A7E00460667 /* SupportTableViewController.m */ = {isa = PBXFileReference; fileEncoding = 4; lastKnownFileType = sourcecode.c.objc; path = SupportTableViewController.m; sourceTree = "<group>"; };
		C12290C919973A7E00460667 /* WelcomePageViewController.h */ = {isa = PBXFileReference; fileEncoding = 4; lastKnownFileType = sourcecode.c.h; path = WelcomePageViewController.h; sourceTree = "<group>"; };
		C12290CA19973A7E00460667 /* WelcomePageViewController.m */ = {isa = PBXFileReference; fileEncoding = 4; lastKnownFileType = sourcecode.c.objc; path = WelcomePageViewController.m; sourceTree = "<group>"; };
		C12290CB19973A7E00460667 /* WelcomeViewController.h */ = {isa = PBXFileReference; fileEncoding = 4; lastKnownFileType = sourcecode.c.h; path = WelcomeViewController.h; sourceTree = "<group>"; };
		C12290CC19973A7E00460667 /* WelcomeViewController.m */ = {isa = PBXFileReference; fileEncoding = 4; lastKnownFileType = sourcecode.c.objc; path = WelcomeViewController.m; sourceTree = "<group>"; };
		C12290E019973B6000460667 /* AboutClarity.html */ = {isa = PBXFileReference; fileEncoding = 4; lastKnownFileType = text.html; path = AboutClarity.html; sourceTree = "<group>"; };
		C12290E119973B6000460667 /* Clarity_OpenSourceLicences.html */ = {isa = PBXFileReference; fileEncoding = 4; lastKnownFileType = text.html; path = Clarity_OpenSourceLicences.html; sourceTree = "<group>"; };
		C12290E219973B6000460667 /* ClarityMarkdownSyntaxGuide.html */ = {isa = PBXFileReference; fileEncoding = 4; lastKnownFileType = text.html; path = ClarityMarkdownSyntaxGuide.html; sourceTree = "<group>"; };
		C12290E719973B6C00460667 /* jMarkdown_iPad.css */ = {isa = PBXFileReference; fileEncoding = 4; lastKnownFileType = text.css; path = jMarkdown_iPad.css; sourceTree = "<group>"; };
		C12290EA19973BA100460667 /* WelcomePage.h */ = {isa = PBXFileReference; fileEncoding = 4; lastKnownFileType = sourcecode.c.h; name = WelcomePage.h; path = ../Objects/WelcomePage.h; sourceTree = "<group>"; };
		C12290EB19973BA100460667 /* WelcomePage.m */ = {isa = PBXFileReference; fileEncoding = 4; lastKnownFileType = sourcecode.c.objc; name = WelcomePage.m; path = ../Objects/WelcomePage.m; sourceTree = "<group>"; };
		C12290EE19973BAA00460667 /* BackgroundLayer.h */ = {isa = PBXFileReference; fileEncoding = 4; lastKnownFileType = sourcecode.c.h; path = BackgroundLayer.h; sourceTree = "<group>"; };
		C12290EF19973BAA00460667 /* BackgroundLayer.m */ = {isa = PBXFileReference; fileEncoding = 4; lastKnownFileType = sourcecode.c.objc; path = BackgroundLayer.m; sourceTree = "<group>"; };
		C12290F019973BAA00460667 /* JTextView.h */ = {isa = PBXFileReference; fileEncoding = 4; lastKnownFileType = sourcecode.c.h; path = JTextView.h; sourceTree = "<group>"; };
		C12290F119973BAA00460667 /* JTextView.m */ = {isa = PBXFileReference; fileEncoding = 4; lastKnownFileType = sourcecode.c.objc; path = JTextView.m; sourceTree = "<group>"; };
		C12290F219973BAA00460667 /* LeftTableViewCell.h */ = {isa = PBXFileReference; fileEncoding = 4; lastKnownFileType = sourcecode.c.h; path = LeftTableViewCell.h; sourceTree = "<group>"; };
		C12290F319973BAA00460667 /* LeftTableViewCell.m */ = {isa = PBXFileReference; fileEncoding = 4; lastKnownFileType = sourcecode.c.objc; path = LeftTableViewCell.m; sourceTree = "<group>"; };
		C12290F419973BAA00460667 /* LeftTableViewCell.xib */ = {isa = PBXFileReference; fileEncoding = 4; lastKnownFileType = file.xib; name = LeftTableViewCell.xib; path = ../Views/LeftTableViewCell.xib; sourceTree = "<group>"; };
		C12290F519973BAA00460667 /* NoteTableViewCell.h */ = {isa = PBXFileReference; fileEncoding = 4; lastKnownFileType = sourcecode.c.h; path = NoteTableViewCell.h; sourceTree = "<group>"; };
		C12290F619973BAA00460667 /* NoteTableViewCell.m */ = {isa = PBXFileReference; fileEncoding = 4; lastKnownFileType = sourcecode.c.objc; path = NoteTableViewCell.m; sourceTree = "<group>"; };
		C12290F719973BAA00460667 /* NoteTableViewCell.xib */ = {isa = PBXFileReference; fileEncoding = 4; lastKnownFileType = file.xib; name = NoteTableViewCell.xib; path = ../Views/NoteTableViewCell.xib; sourceTree = "<group>"; };
		C122910319973BE100460667 /* NoteDataManager.h */ = {isa = PBXFileReference; fileEncoding = 4; lastKnownFileType = sourcecode.c.h; path = NoteDataManager.h; sourceTree = "<group>"; };
		C122910419973BE100460667 /* NoteDataManager.m */ = {isa = PBXFileReference; fileEncoding = 4; lastKnownFileType = sourcecode.c.objc; path = NoteDataManager.m; sourceTree = "<group>"; };
		C122910B19973CE100460667 /* ClarityHD.xcdatamodel */ = {isa = PBXFileReference; lastKnownFileType = wrapper.xcdatamodel; path = ClarityHD.xcdatamodel; sourceTree = "<group>"; };
		C122910D19973D0600460667 /* Main_iPhone.storyboard */ = {isa = PBXFileReference; fileEncoding = 4; lastKnownFileType = file.storyboard; path = Main_iPhone.storyboard; sourceTree = "<group>"; };
		C122911019973FDF00460667 /* libMMMarkdown-iOS.a */ = {isa = PBXFileReference; lastKnownFileType = archive.ar; path = "libMMMarkdown-iOS.a"; sourceTree = "<group>"; };
		C122911119973FDF00460667 /* MMMarkdown.h */ = {isa = PBXFileReference; fileEncoding = 4; lastKnownFileType = sourcecode.c.h; path = MMMarkdown.h; sourceTree = "<group>"; };
		C125D32D19AEDA1D00D9E892 /* en */ = {isa = PBXFileReference; lastKnownFileType = text.plist.strings; name = en; path = en.lproj/WhatsNew.strings; sourceTree = "<group>"; };
		C125D32E19AEDA1D00D9E892 /* fr */ = {isa = PBXFileReference; lastKnownFileType = text.plist.strings; name = fr; path = fr.lproj/WhatsNew.strings; sourceTree = "<group>"; };
		C125D32F19AEDA1D00D9E892 /* MTZWhatsNew.h */ = {isa = PBXFileReference; fileEncoding = 4; lastKnownFileType = sourcecode.c.h; path = MTZWhatsNew.h; sourceTree = "<group>"; };
		C125D33019AEDA1D00D9E892 /* MTZWhatsNew.m */ = {isa = PBXFileReference; fileEncoding = 4; lastKnownFileType = sourcecode.c.objc; path = MTZWhatsNew.m; sourceTree = "<group>"; };
		C125D33219AEDA1D00D9E892 /* MTZCollectionView.h */ = {isa = PBXFileReference; fileEncoding = 4; lastKnownFileType = sourcecode.c.h; path = MTZCollectionView.h; sourceTree = "<group>"; };
		C125D33319AEDA1D00D9E892 /* MTZCollectionView.m */ = {isa = PBXFileReference; fileEncoding = 4; lastKnownFileType = sourcecode.c.objc; path = MTZCollectionView.m; sourceTree = "<group>"; };
		C125D33419AEDA1D00D9E892 /* MTZWhatsNewFeatureCollectionViewCell.h */ = {isa = PBXFileReference; fileEncoding = 4; lastKnownFileType = sourcecode.c.h; path = MTZWhatsNewFeatureCollectionViewCell.h; sourceTree = "<group>"; };
		C125D33519AEDA1D00D9E892 /* MTZWhatsNewFeatureCollectionViewCell.m */ = {isa = PBXFileReference; fileEncoding = 4; lastKnownFileType = sourcecode.c.objc; path = MTZWhatsNewFeatureCollectionViewCell.m; sourceTree = "<group>"; };
		C125D33619AEDA1D00D9E892 /* MTZWhatsNewGridViewController.h */ = {isa = PBXFileReference; fileEncoding = 4; lastKnownFileType = sourcecode.c.h; path = MTZWhatsNewGridViewController.h; sourceTree = "<group>"; };
		C125D33719AEDA1D00D9E892 /* MTZWhatsNewGridViewController.m */ = {isa = PBXFileReference; fileEncoding = 4; lastKnownFileType = sourcecode.c.objc; path = MTZWhatsNewGridViewController.m; sourceTree = "<group>"; };
		C125D33819AEDA1D00D9E892 /* MTZWhatsNewViewController.h */ = {isa = PBXFileReference; fileEncoding = 4; lastKnownFileType = sourcecode.c.h; path = MTZWhatsNewViewController.h; sourceTree = "<group>"; };
		C125D33919AEDA1D00D9E892 /* MTZWhatsNewViewController.m */ = {isa = PBXFileReference; fileEncoding = 4; lastKnownFileType = sourcecode.c.objc; path = MTZWhatsNewViewController.m; sourceTree = "<group>"; };
		C125D33B19AEDA1D00D9E892 /* NSLayoutConstraint+Common.h */ = {isa = PBXFileReference; fileEncoding = 4; lastKnownFileType = sourcecode.c.h; path = "NSLayoutConstraint+Common.h"; sourceTree = "<group>"; };
		C125D33C19AEDA1D00D9E892 /* NSLayoutConstraint+Common.m */ = {isa = PBXFileReference; fileEncoding = 4; lastKnownFileType = sourcecode.c.objc; path = "NSLayoutConstraint+Common.m"; sourceTree = "<group>"; };
		C125D33E19AEDA1D00D9E892 /* LICENSE.txt */ = {isa = PBXFileReference; fileEncoding = 4; lastKnownFileType = text; path = LICENSE.txt; sourceTree = "<group>"; };
		C125D33F19AEDA1D00D9E892 /* SAMGradientView.h */ = {isa = PBXFileReference; fileEncoding = 4; lastKnownFileType = sourcecode.c.h; path = SAMGradientView.h; sourceTree = "<group>"; };
		C125D34019AEDA1D00D9E892 /* SAMGradientView.m */ = {isa = PBXFileReference; fileEncoding = 4; lastKnownFileType = sourcecode.c.objc; path = SAMGradientView.m; sourceTree = "<group>"; };
		C125D34119AEDA1D00D9E892 /* WhatsNewLICENSE.md */ = {isa = PBXFileReference; fileEncoding = 4; lastKnownFileType = text; path = WhatsNewLICENSE.md; sourceTree = "<group>"; };
		C125D34C19AEDA4800D9E892 /* What's New.plist */ = {isa = PBXFileReference; fileEncoding = 4; lastKnownFileType = text.plist.xml; path = "What's New.plist"; sourceTree = "<group>"; };
		C12FE78F19CFBA64001209B2 /* Main_iPad.storyboard */ = {isa = PBXFileReference; fileEncoding = 4; lastKnownFileType = file.storyboard; path = Main_iPad.storyboard; sourceTree = "<group>"; };
		C12FE79119CFD54A001209B2 /* BlankViewController.h */ = {isa = PBXFileReference; fileEncoding = 4; lastKnownFileType = sourcecode.c.h; path = BlankViewController.h; sourceTree = "<group>"; };
		C12FE79219CFD54A001209B2 /* BlankViewController.m */ = {isa = PBXFileReference; fileEncoding = 4; lastKnownFileType = sourcecode.c.objc; path = BlankViewController.m; sourceTree = "<group>"; };
		C12FE79419D1110E001209B2 /* ClarityHD 4.xcdatamodel */ = {isa = PBXFileReference; lastKnownFileType = wrapper.xcdatamodel; path = "ClarityHD 4.xcdatamodel"; sourceTree = "<group>"; };
		C12FE79619D12014001209B2 /* JGActionSheet.h */ = {isa = PBXFileReference; fileEncoding = 4; lastKnownFileType = sourcecode.c.h; path = JGActionSheet.h; sourceTree = "<group>"; };
		C12FE79719D12014001209B2 /* JGActionSheet.m */ = {isa = PBXFileReference; fileEncoding = 4; lastKnownFileType = sourcecode.c.objc; path = JGActionSheet.m; sourceTree = "<group>"; };
		C1303D4B19E28CF100A6FB03 /* jMarkdown_iPad_ForWebView.css */ = {isa = PBXFileReference; fileEncoding = 4; lastKnownFileType = text.css; path = jMarkdown_iPad_ForWebView.css; sourceTree = "<group>"; };
		C14EBAD519E4BC3E00AD7A17 /* UIColor+HBVHarmonies.h */ = {isa = PBXFileReference; fileEncoding = 4; lastKnownFileType = sourcecode.c.h; path = "UIColor+HBVHarmonies.h"; sourceTree = "<group>"; };
		C14EBAD619E4BC3E00AD7A17 /* UIColor+HBVHarmonies.m */ = {isa = PBXFileReference; fileEncoding = 4; lastKnownFileType = sourcecode.c.objc; path = "UIColor+HBVHarmonies.m"; sourceTree = "<group>"; };
		C16A52531A188BD900DF9267 /* Launch Screen.xib */ = {isa = PBXFileReference; fileEncoding = 4; lastKnownFileType = file.xib; path = "Launch Screen.xib"; sourceTree = "<group>"; };
		C173258C19D24C1C001ED5D5 /* AboutClarity_iPad.html */ = {isa = PBXFileReference; fileEncoding = 4; lastKnownFileType = text.html; path = AboutClarity_iPad.html; sourceTree = "<group>"; };
		C173258D19D24C1C001ED5D5 /* Clarity_OpenSourceLicences_iPad.html */ = {isa = PBXFileReference; fileEncoding = 4; lastKnownFileType = text.html; path = Clarity_OpenSourceLicences_iPad.html; sourceTree = "<group>"; };
		C173258E19D24C1C001ED5D5 /* ClarityMarkdownSyntaxGuide_iPad.html */ = {isa = PBXFileReference; fileEncoding = 4; lastKnownFileType = text.html; path = ClarityMarkdownSyntaxGuide_iPad.html; sourceTree = "<group>"; };
		C173259419D25D84001ED5D5 /* NoteTitlePopinViewController_iPad.xib */ = {isa = PBXFileReference; fileEncoding = 4; lastKnownFileType = file.xib; path = NoteTitlePopinViewController_iPad.xib; sourceTree = "<group>"; };
		C1734D2B19D8F22600813FA1 /* FCFileManager.h */ = {isa = PBXFileReference; fileEncoding = 4; lastKnownFileType = sourcecode.c.h; path = FCFileManager.h; sourceTree = "<group>"; };
		C1734D2C19D8F22600813FA1 /* FCFileManager.m */ = {isa = PBXFileReference; fileEncoding = 4; lastKnownFileType = sourcecode.c.objc; path = FCFileManager.m; sourceTree = "<group>"; };
		C187AFAC19DCE89C00594616 /* ClarityHD 5.xcdatamodel */ = {isa = PBXFileReference; lastKnownFileType = wrapper.xcdatamodel; path = "ClarityHD 5.xcdatamodel"; sourceTree = "<group>"; };
		C1ABF0C319985B7A00E622CA /* MainSidePanelViewController.h */ = {isa = PBXFileReference; fileEncoding = 4; lastKnownFileType = sourcecode.c.h; path = MainSidePanelViewController.h; sourceTree = "<group>"; };
		C1ABF0C419985B7A00E622CA /* MainSidePanelViewController.m */ = {isa = PBXFileReference; fileEncoding = 4; lastKnownFileType = sourcecode.c.objc; path = MainSidePanelViewController.m; sourceTree = "<group>"; };
		C1ABF0C719985CF400E622CA /* JASidePanelController.h */ = {isa = PBXFileReference; fileEncoding = 4; lastKnownFileType = sourcecode.c.h; path = JASidePanelController.h; sourceTree = "<group>"; };
		C1ABF0C819985CF400E622CA /* JASidePanelController.m */ = {isa = PBXFileReference; fileEncoding = 4; lastKnownFileType = sourcecode.c.objc; path = JASidePanelController.m; sourceTree = "<group>"; };
		C1ABF0C919985CF400E622CA /* LogViewController.h */ = {isa = PBXFileReference; fileEncoding = 4; lastKnownFileType = sourcecode.c.h; path = LogViewController.h; sourceTree = "<group>"; };
		C1ABF0CA19985CF400E622CA /* LogViewController.m */ = {isa = PBXFileReference; fileEncoding = 4; lastKnownFileType = sourcecode.c.objc; path = LogViewController.m; sourceTree = "<group>"; };
		C1ABF0CB19985CF400E622CA /* UIViewController+JASidePanel.h */ = {isa = PBXFileReference; fileEncoding = 4; lastKnownFileType = sourcecode.c.h; path = "UIViewController+JASidePanel.h"; sourceTree = "<group>"; };
		C1ABF0CC19985CF400E622CA /* UIViewController+JASidePanel.m */ = {isa = PBXFileReference; fileEncoding = 4; lastKnownFileType = sourcecode.c.objc; path = "UIViewController+JASidePanel.m"; sourceTree = "<group>"; };
		C1ADEA9619CD67E800C4DDE0 /* ClarityHD 3.xcdatamodel */ = {isa = PBXFileReference; lastKnownFileType = wrapper.xcdatamodel; path = "ClarityHD 3.xcdatamodel"; sourceTree = "<group>"; };
		C1E7469919E4D82A00FCACE5 /* jMarkdown_iPhone.css */ = {isa = PBXFileReference; fileEncoding = 4; lastKnownFileType = text.css; path = jMarkdown_iPhone.css; sourceTree = "<group>"; };
		C1E7469B19E4D99700FCACE5 /* jMarkdown_iPhone_ForWebView.css */ = {isa = PBXFileReference; fileEncoding = 4; lastKnownFileType = text.css; path = jMarkdown_iPhone_ForWebView.css; sourceTree = "<group>"; };
		C1E74E7919AEFED500AA3399 /* AudioToolbox.framework */ = {isa = PBXFileReference; lastKnownFileType = wrapper.framework; name = AudioToolbox.framework; path = System/Library/Frameworks/AudioToolbox.framework; sourceTree = SDKROOT; };
		C1EF465D19D7F9C200CD7E32 /* de */ = {isa = PBXFileReference; lastKnownFileType = text.plist.strings; name = de; path = de.lproj/TOWebViewControllerLocalizable.strings; sourceTree = "<group>"; };
		C1EF465E19D7F9C200CD7E32 /* en */ = {isa = PBXFileReference; lastKnownFileType = text.plist.strings; name = en; path = en.lproj/TOWebViewControllerLocalizable.strings; sourceTree = "<group>"; };
		C1EF465F19D7F9C200CD7E32 /* es */ = {isa = PBXFileReference; lastKnownFileType = text.plist.strings; name = es; path = es.lproj/TOWebViewControllerLocalizable.strings; sourceTree = "<group>"; };
		C1EF466019D7F9C200CD7E32 /* ja */ = {isa = PBXFileReference; lastKnownFileType = text.plist.strings; name = ja; path = ja.lproj/TOWebViewControllerLocalizable.strings; sourceTree = "<group>"; };
		C1EF466119D7F9C200CD7E32 /* ko */ = {isa = PBXFileReference; lastKnownFileType = text.plist.strings; name = ko; path = ko.lproj/TOWebViewControllerLocalizable.strings; sourceTree = "<group>"; };
		C1EF466219D7F9C200CD7E32 /* pl */ = {isa = PBXFileReference; lastKnownFileType = text.plist.strings; name = pl; path = pl.lproj/TOWebViewControllerLocalizable.strings; sourceTree = "<group>"; };
		C1EF466319D7F9C200CD7E32 /* TOActivityChrome.h */ = {isa = PBXFileReference; fileEncoding = 4; lastKnownFileType = sourcecode.c.h; path = TOActivityChrome.h; sourceTree = "<group>"; };
		C1EF466419D7F9C200CD7E32 /* TOActivityChrome.m */ = {isa = PBXFileReference; fileEncoding = 4; lastKnownFileType = sourcecode.c.objc; path = TOActivityChrome.m; sourceTree = "<group>"; };
		C1EF466519D7F9C200CD7E32 /* TOActivitySafari.h */ = {isa = PBXFileReference; fileEncoding = 4; lastKnownFileType = sourcecode.c.h; path = TOActivitySafari.h; sourceTree = "<group>"; };
		C1EF466619D7F9C200CD7E32 /* TOActivitySafari.m */ = {isa = PBXFileReference; fileEncoding = 4; lastKnownFileType = sourcecode.c.objc; path = TOActivitySafari.m; sourceTree = "<group>"; };
		C1EF466719D7F9C200CD7E32 /* TOWebViewController.h */ = {isa = PBXFileReference; fileEncoding = 4; lastKnownFileType = sourcecode.c.h; path = TOWebViewController.h; sourceTree = "<group>"; };
		C1EF466819D7F9C200CD7E32 /* TOWebViewController.m */ = {isa = PBXFileReference; fileEncoding = 4; lastKnownFileType = sourcecode.c.objc; path = TOWebViewController.m; sourceTree = "<group>"; };
		C1EF466919D7F9C200CD7E32 /* UIImage+TOWebViewControllerIcons.h */ = {isa = PBXFileReference; fileEncoding = 4; lastKnownFileType = sourcecode.c.h; path = "UIImage+TOWebViewControllerIcons.h"; sourceTree = "<group>"; };
		C1EF466A19D7F9C200CD7E32 /* UIImage+TOWebViewControllerIcons.m */ = {isa = PBXFileReference; fileEncoding = 4; lastKnownFileType = sourcecode.c.objc; path = "UIImage+TOWebViewControllerIcons.m"; sourceTree = "<group>"; };
		C1EF466B19D7F9C200CD7E32 /* zh-Hans */ = {isa = PBXFileReference; lastKnownFileType = text.plist.strings; name = "zh-Hans"; path = "zh-Hans.lproj/TOWebViewControllerLocalizable.strings"; sourceTree = "<group>"; };
		C1EF466C19D7F9C200CD7E32 /* zh-Hant */ = {isa = PBXFileReference; lastKnownFileType = text.plist.strings; name = "zh-Hant"; path = "zh-Hant.lproj/TOWebViewControllerLocalizable.strings"; sourceTree = "<group>"; };
		C1EF467219D80ACF00CD7E32 /* Twitter.framework */ = {isa = PBXFileReference; lastKnownFileType = wrapper.framework; name = Twitter.framework; path = System/Library/Frameworks/Twitter.framework; sourceTree = SDKROOT; };
		C1EF467419D80AEA00CD7E32 /* MessageUI.framework */ = {isa = PBXFileReference; lastKnownFileType = wrapper.framework; name = MessageUI.framework; path = System/Library/Frameworks/MessageUI.framework; sourceTree = SDKROOT; };
		C1EF467619D80AF900CD7E32 /* QuartzCore.framework */ = {isa = PBXFileReference; lastKnownFileType = wrapper.framework; name = QuartzCore.framework; path = System/Library/Frameworks/QuartzCore.framework; sourceTree = SDKROOT; };
		C1F0580A19C961BA0073530A /* UIViewController+MaryPopin.h */ = {isa = PBXFileReference; fileEncoding = 4; lastKnownFileType = sourcecode.c.h; path = "UIViewController+MaryPopin.h"; sourceTree = "<group>"; };
		C1F0580B19C961BA0073530A /* UIViewController+MaryPopin.m */ = {isa = PBXFileReference; fileEncoding = 4; lastKnownFileType = sourcecode.c.objc; path = "UIViewController+MaryPopin.m"; sourceTree = "<group>"; };
		C1F1CC8219DE515700E916AA /* ClarityHD 6.xcdatamodel */ = {isa = PBXFileReference; lastKnownFileType = wrapper.xcdatamodel; path = "ClarityHD 6.xcdatamodel"; sourceTree = "<group>"; };
		C1F1CC8319DE522600E916AA /* LocalNote.h */ = {isa = PBXFileReference; fileEncoding = 4; lastKnownFileType = sourcecode.c.h; path = LocalNote.h; sourceTree = "<group>"; };
		C1F1CC8419DE522600E916AA /* LocalNote.m */ = {isa = PBXFileReference; fileEncoding = 4; lastKnownFileType = sourcecode.c.objc; path = LocalNote.m; sourceTree = "<group>"; };
		C1F1CC8619DE541300E916AA /* DropboxNote.h */ = {isa = PBXFileReference; fileEncoding = 4; lastKnownFileType = sourcecode.c.h; path = DropboxNote.h; sourceTree = "<group>"; };
		C1F1CC8719DE541300E916AA /* DropboxNote.m */ = {isa = PBXFileReference; fileEncoding = 4; lastKnownFileType = sourcecode.c.objc; path = DropboxNote.m; sourceTree = "<group>"; };
		D6E8D91E9C764F1DBB2C6C0E /* libPods.a */ = {isa = PBXFileReference; explicitFileType = archive.ar; includeInIndex = 0; path = libPods.a; sourceTree = BUILT_PRODUCTS_DIR; };
/* End PBXFileReference section */

/* Begin PBXFrameworksBuildPhase section */
		C122902819973A2B00460667 /* Frameworks */ = {
			isa = PBXFrameworksBuildPhase;
			buildActionMask = 2147483647;
			files = (
				C1EF467719D80AF900CD7E32 /* QuartzCore.framework in Frameworks */,
				C1EF467519D80AEA00CD7E32 /* MessageUI.framework in Frameworks */,
				C1EF467319D80ACF00CD7E32 /* Twitter.framework in Frameworks */,
				C122911219973FDF00460667 /* libMMMarkdown-iOS.a in Frameworks */,
				C122903119973A2B00460667 /* CoreGraphics.framework in Frameworks */,
				C122903519973A2B00460667 /* CoreData.framework in Frameworks */,
				C122903319973A2B00460667 /* UIKit.framework in Frameworks */,
				C122902F19973A2B00460667 /* Foundation.framework in Frameworks */,
				C331FC139151431BB224E126 /* libPods.a in Frameworks */,
			);
			runOnlyForDeploymentPostprocessing = 0;
		};
		C122904819973A2B00460667 /* Frameworks */ = {
			isa = PBXFrameworksBuildPhase;
			buildActionMask = 2147483647;
			files = (
				C122904D19973A2B00460667 /* XCTest.framework in Frameworks */,
				C122905019973A2B00460667 /* CoreData.framework in Frameworks */,
				C122904F19973A2B00460667 /* UIKit.framework in Frameworks */,
				C122904E19973A2B00460667 /* Foundation.framework in Frameworks */,
			);
			runOnlyForDeploymentPostprocessing = 0;
		};
/* End PBXFrameworksBuildPhase section */

/* Begin PBXGroup section */
		C10EB47F19E7579D00409AEE /* SDiPhoneVersion */ = {
			isa = PBXGroup;
			children = (
				C10EB48019E7579D00409AEE /* SDiPhoneVersion.h */,
				C10EB48119E7579D00409AEE /* SDiPhoneVersion.m */,
			);
			path = SDiPhoneVersion;
			sourceTree = "<group>";
		};
		C122902219973A2B00460667 = {
			isa = PBXGroup;
			children = (
				C122903619973A2B00460667 /* Clarity */,
				C122905319973A2B00460667 /* ClarityTests */,
				C122902D19973A2B00460667 /* Frameworks */,
				C122902C19973A2B00460667 /* Products */,
				62EF1565489047DBA75023BE /* Pods.xcconfig */,
			);
			sourceTree = "<group>";
		};
		C122902C19973A2B00460667 /* Products */ = {
			isa = PBXGroup;
			children = (
				C122902B19973A2B00460667 /* Clarity.app */,
				C122904B19973A2B00460667 /* ClarityTests.xctest */,
			);
			name = Products;
			sourceTree = "<group>";
		};
		C122902D19973A2B00460667 /* Frameworks */ = {
			isa = PBXGroup;
			children = (
				C1EF467619D80AF900CD7E32 /* QuartzCore.framework */,
				C1EF467419D80AEA00CD7E32 /* MessageUI.framework */,
				C1EF467219D80ACF00CD7E32 /* Twitter.framework */,
				C1E74E7919AEFED500AA3399 /* AudioToolbox.framework */,
				C122910F19973FDF00460667 /* MMMarkdown */,
				C122902E19973A2B00460667 /* Foundation.framework */,
				C122903019973A2B00460667 /* CoreGraphics.framework */,
				C122903219973A2B00460667 /* UIKit.framework */,
				C122903419973A2B00460667 /* CoreData.framework */,
				C122904C19973A2B00460667 /* XCTest.framework */,
				D6E8D91E9C764F1DBB2C6C0E /* libPods.a */,
			);
			name = Frameworks;
			sourceTree = "<group>";
		};
		C122903619973A2B00460667 /* Clarity */ = {
			isa = PBXGroup;
			children = (
				C10EB47F19E7579D00409AEE /* SDiPhoneVersion */,
				C1734D2919D8F21400813FA1 /* File */,
				C122906319973A6400460667 /* 3rdParties */,
				C12290DF19973B6000460667 /* HTML */,
				C12290E619973B6C00460667 /* MarkdownData */,
				C122909819973A7100460667 /* Categories */,
				C12290ED19973BAA00460667 /* Views */,
				C12290AB19973A7E00460667 /* Controllers */,
				C122910519973BE100460667 /* UI */,
				C12290FE19973BE100460667 /* Models */,
				C12290A819973A7E00460667 /* Constants */,
				C122903719973A2B00460667 /* Supporting Files */,
			);
			path = Clarity;
			sourceTree = "<group>";
		};
		C122903719973A2B00460667 /* Supporting Files */ = {
			isa = PBXGroup;
			children = (
				C125D34C19AEDA4800D9E892 /* What's New.plist */,
				C122903819973A2B00460667 /* Clarity-Info.plist */,
				C122903919973A2B00460667 /* InfoPlist.strings */,
				C122903C19973A2B00460667 /* main.m */,
				C122903E19973A2B00460667 /* Clarity-Prefix.pch */,
			);
			name = "Supporting Files";
			sourceTree = "<group>";
		};
		C122905319973A2B00460667 /* ClarityTests */ = {
			isa = PBXGroup;
			children = (
				C122905919973A2B00460667 /* ClarityTests.m */,
				C122905419973A2B00460667 /* Supporting Files */,
			);
			path = ClarityTests;
			sourceTree = "<group>";
		};
		C122905419973A2B00460667 /* Supporting Files */ = {
			isa = PBXGroup;
			children = (
				C122905519973A2B00460667 /* ClarityTests-Info.plist */,
				C122905619973A2B00460667 /* InfoPlist.strings */,
			);
			name = "Supporting Files";
			sourceTree = "<group>";
		};
		C122906319973A6400460667 /* 3rdParties */ = {
			isa = PBXGroup;
			children = (
				C1EF465B19D7F9C200CD7E32 /* TOWebViewController */,
				C12FE79519D12014001209B2 /* JGActionSheet */,
				C1F0580919C961BA0073530A /* MaryPopin */,
				C125D32B19AEDA1D00D9E892 /* WhatsNew */,
				C1ABF0C619985CF400E622CA /* JASidePanels */,
				C122906419973A6400460667 /* DoActionSheet */,
				C122908719973A6400460667 /* YRDropdownView */,
			);
			path = 3rdParties;
			sourceTree = "<group>";
		};
		C122906419973A6400460667 /* DoActionSheet */ = {
			isa = PBXGroup;
			children = (
				C122906519973A6400460667 /* DoActionSheet.h */,
				C122906619973A6400460667 /* DoActionSheet.m */,
				C122906719973A6400460667 /* UIImage-ResizeMagick */,
			);
			path = DoActionSheet;
			sourceTree = "<group>";
		};
		C122906719973A6400460667 /* UIImage-ResizeMagick */ = {
			isa = PBXGroup;
			children = (
				C122906819973A6400460667 /* .gitignore */,
				C122906919973A6400460667 /* LICENSE_UIImage-ResizeMagick */,
				C122906A19973A6400460667 /* README_UIImage-ResizeMagick.md */,
				C122906B19973A6400460667 /* UIImage+ResizeMagick.h */,
				C122906C19973A6400460667 /* UIImage+ResizeMagick.m */,
				C122906D19973A6400460667 /* UIImage-ResizeMagick.podspec */,
			);
			path = "UIImage-ResizeMagick";
			sourceTree = "<group>";
		};
		C122908719973A6400460667 /* YRDropdownView */ = {
			isa = PBXGroup;
			children = (
				C122908819973A6400460667 /* YRDropdownView.h */,
				C122908919973A6400460667 /* YRDropdownView.m */,
			);
			path = YRDropdownView;
			sourceTree = "<group>";
		};
		C122909819973A7100460667 /* Categories */ = {
			isa = PBXGroup;
			children = (
				C14EBAD419E4BC3E00AD7A17 /* RandomColor */,
				C122909919973A7100460667 /* NSUserDefaults+Extension.h */,
				C122909A19973A7100460667 /* NSUserDefaults+Extension.m */,
				C122909B19973A7100460667 /* UIButtonPressAndHold.h */,
				C122909C19973A7100460667 /* UIButtonPressAndHold.m */,
				C122909D19973A7100460667 /* UIColor+CustomColors.h */,
				C122909E19973A7100460667 /* UIColor+CustomColors.m */,
				C122909F19973A7100460667 /* UIImage+ChangeColor.h */,
				C12290A019973A7100460667 /* UIImage+ChangeColor.m */,
				C12290A119973A7100460667 /* UIImage+MakeThumbnail.h */,
				C12290A219973A7200460667 /* UIImage+MakeThumbnail.m */,
			);
			path = Categories;
			sourceTree = "<group>";
		};
		C12290A819973A7E00460667 /* Constants */ = {
			isa = PBXGroup;
			children = (
				C12290A919973A7E00460667 /* ClarityConstants.h */,
				C12290AA19973A7E00460667 /* ClarityConstants.m */,
			);
			path = Constants;
			sourceTree = "<group>";
		};
		C12290AB19973A7E00460667 /* Controllers */ = {
			isa = PBXGroup;
			children = (
				C122903F19973A2B00460667 /* AppDelegate.h */,
				C122904019973A2B00460667 /* AppDelegate.m */,
				C1ABF0C319985B7A00E622CA /* MainSidePanelViewController.h */,
				C1ABF0C419985B7A00E622CA /* MainSidePanelViewController.m */,
				C12290B619973A7E00460667 /* LeftViewController.h */,
				C12290B719973A7E00460667 /* LeftViewController.m */,
				C12290B019973A7E00460667 /* DropboxNoteListViewController.h */,
				C12290B119973A7E00460667 /* DropboxNoteListViewController.m */,
				C12290AE19973A7E00460667 /* DropboxAddEditViewController.h */,
				C12290AF19973A7E00460667 /* DropboxAddEditViewController.m */,
				C12290B419973A7E00460667 /* DropboxStarViewController.h */,
				C12290B519973A7E00460667 /* DropboxStarViewController.m */,
				C12290BA19973A7E00460667 /* LocalNoteListViewController.h */,
				C12290BB19973A7E00460667 /* LocalNoteListViewController.m */,
				C12290B819973A7E00460667 /* LocalAddEditViewController.h */,
				C12290B919973A7E00460667 /* LocalAddEditViewController.m */,
				C12290BC19973A7E00460667 /* LocalStarViewController.h */,
				C12290BD19973A7E00460667 /* LocalStarViewController.m */,
				C12290C219973A7E00460667 /* NoteTitlePopinViewController.h */,
				C12290C319973A7E00460667 /* NoteTitlePopinViewController.m */,
				C12290C019973A7E00460667 /* MarkdownWebViewController.h */,
				C12290C119973A7E00460667 /* MarkdownWebViewController.m */,
				C12290B219973A7E00460667 /* DropboxSettingsTableViewController.h */,
				C12290B319973A7E00460667 /* DropboxSettingsTableViewController.m */,
				C12290C719973A7E00460667 /* SupportTableViewController.h */,
				C12290C819973A7E00460667 /* SupportTableViewController.m */,
				C12290AC19973A7E00460667 /* AboutViewController.h */,
				C12290AD19973A7E00460667 /* AboutViewController.m */,
				C12290BE19973A7E00460667 /* MarkdownGuideViewController.h */,
				C12290BF19973A7E00460667 /* MarkdownGuideViewController.m */,
				C12290C519973A7E00460667 /* OpenSourceLicencesViewController.h */,
				C12290C619973A7E00460667 /* OpenSourceLicencesViewController.m */,
				C12290C919973A7E00460667 /* WelcomePageViewController.h */,
				C12290CA19973A7E00460667 /* WelcomePageViewController.m */,
				C12290CB19973A7E00460667 /* WelcomeViewController.h */,
				C12290CC19973A7E00460667 /* WelcomeViewController.m */,
				C12290EA19973BA100460667 /* WelcomePage.h */,
				C12290EB19973BA100460667 /* WelcomePage.m */,
				C12FE79119CFD54A001209B2 /* BlankViewController.h */,
				C12FE79219CFD54A001209B2 /* BlankViewController.m */,
			);
			path = Controllers;
			sourceTree = "<group>";
		};
		C12290DF19973B6000460667 /* HTML */ = {
			isa = PBXGroup;
			children = (
				C12290E019973B6000460667 /* AboutClarity.html */,
				C12290E119973B6000460667 /* Clarity_OpenSourceLicences.html */,
				C12290E219973B6000460667 /* ClarityMarkdownSyntaxGuide.html */,
				C173258C19D24C1C001ED5D5 /* AboutClarity_iPad.html */,
				C173258D19D24C1C001ED5D5 /* Clarity_OpenSourceLicences_iPad.html */,
				C173258E19D24C1C001ED5D5 /* ClarityMarkdownSyntaxGuide_iPad.html */,
			);
			path = HTML;
			sourceTree = "<group>";
		};
		C12290E619973B6C00460667 /* MarkdownData */ = {
			isa = PBXGroup;
			children = (
				C1E7469919E4D82A00FCACE5 /* jMarkdown_iPhone.css */,
				C12290E719973B6C00460667 /* jMarkdown_iPad.css */,
				C1303D4B19E28CF100A6FB03 /* jMarkdown_iPad_ForWebView.css */,
				C1E7469B19E4D99700FCACE5 /* jMarkdown_iPhone_ForWebView.css */,
			);
			path = MarkdownData;
			sourceTree = "<group>";
		};
		C12290ED19973BAA00460667 /* Views */ = {
			isa = PBXGroup;
			children = (
				C12290EE19973BAA00460667 /* BackgroundLayer.h */,
				C12290EF19973BAA00460667 /* BackgroundLayer.m */,
				C12290F019973BAA00460667 /* JTextView.h */,
				C12290F119973BAA00460667 /* JTextView.m */,
				C12290F219973BAA00460667 /* LeftTableViewCell.h */,
				C12290F319973BAA00460667 /* LeftTableViewCell.m */,
				C12290F519973BAA00460667 /* NoteTableViewCell.h */,
				C12290F619973BAA00460667 /* NoteTableViewCell.m */,
			);
			path = Views;
			sourceTree = "<group>";
		};
		C12290FE19973BE100460667 /* Models */ = {
			isa = PBXGroup;
			children = (
				C1F1CC8619DE541300E916AA /* DropboxNote.h */,
				C1F1CC8719DE541300E916AA /* DropboxNote.m */,
				C1F1CC8319DE522600E916AA /* LocalNote.h */,
				C1F1CC8419DE522600E916AA /* LocalNote.m */,
				C121D4EA19C93BCE0098BC94 /* Note.h */,
				C121D4EB19C93BCE0098BC94 /* Note.m */,
				C122910319973BE100460667 /* NoteDataManager.h */,
				C122910419973BE100460667 /* NoteDataManager.m */,
				C122910A19973CE100460667 /* Clarity.xcdatamodeld */,
			);
			path = Models;
			sourceTree = "<group>";
		};
		C122910519973BE100460667 /* UI */ = {
			isa = PBXGroup;
			children = (
				C122910D19973D0600460667 /* Main_iPhone.storyboard */,
				C12FE78F19CFBA64001209B2 /* Main_iPad.storyboard */,
				C12290F419973BAA00460667 /* LeftTableViewCell.xib */,
				C12290F719973BAA00460667 /* NoteTableViewCell.xib */,
				C12290C419973A7E00460667 /* NoteTitlePopinViewController.xib */,
				C173259419D25D84001ED5D5 /* NoteTitlePopinViewController_iPad.xib */,
				C16A52531A188BD900DF9267 /* Launch Screen.xib */,
				C122910919973C7A00460667 /* Images */,
			);
			path = UI;
			sourceTree = "<group>";
		};
		C122910919973C7A00460667 /* Images */ = {
			isa = PBXGroup;
			children = (
				C122904519973A2B00460667 /* Images.xcassets */,
			);
			name = Images;
			sourceTree = "<group>";
		};
		C122910F19973FDF00460667 /* MMMarkdown */ = {
			isa = PBXGroup;
			children = (
				C122911019973FDF00460667 /* libMMMarkdown-iOS.a */,
				C122911119973FDF00460667 /* MMMarkdown.h */,
			);
			path = MMMarkdown;
			sourceTree = "<group>";
		};
		C125D32B19AEDA1D00D9E892 /* WhatsNew */ = {
			isa = PBXGroup;
			children = (
				C125D32C19AEDA1D00D9E892 /* WhatsNew.strings */,
				C125D32F19AEDA1D00D9E892 /* MTZWhatsNew.h */,
				C125D33019AEDA1D00D9E892 /* MTZWhatsNew.m */,
				C125D33119AEDA1D00D9E892 /* MTZWhatsNewViewController */,
				C125D34119AEDA1D00D9E892 /* WhatsNewLICENSE.md */,
			);
			path = WhatsNew;
			sourceTree = "<group>";
		};
		C125D33119AEDA1D00D9E892 /* MTZWhatsNewViewController */ = {
			isa = PBXGroup;
			children = (
				C125D33219AEDA1D00D9E892 /* MTZCollectionView.h */,
				C125D33319AEDA1D00D9E892 /* MTZCollectionView.m */,
				C125D33419AEDA1D00D9E892 /* MTZWhatsNewFeatureCollectionViewCell.h */,
				C125D33519AEDA1D00D9E892 /* MTZWhatsNewFeatureCollectionViewCell.m */,
				C125D33619AEDA1D00D9E892 /* MTZWhatsNewGridViewController.h */,
				C125D33719AEDA1D00D9E892 /* MTZWhatsNewGridViewController.m */,
				C125D33819AEDA1D00D9E892 /* MTZWhatsNewViewController.h */,
				C125D33919AEDA1D00D9E892 /* MTZWhatsNewViewController.m */,
				C125D33A19AEDA1D00D9E892 /* NSLayoutConstraint+Common */,
				C125D33D19AEDA1D00D9E892 /* SAMGradientView */,
			);
			path = MTZWhatsNewViewController;
			sourceTree = "<group>";
		};
		C125D33A19AEDA1D00D9E892 /* NSLayoutConstraint+Common */ = {
			isa = PBXGroup;
			children = (
				C125D33B19AEDA1D00D9E892 /* NSLayoutConstraint+Common.h */,
				C125D33C19AEDA1D00D9E892 /* NSLayoutConstraint+Common.m */,
			);
			path = "NSLayoutConstraint+Common";
			sourceTree = "<group>";
		};
		C125D33D19AEDA1D00D9E892 /* SAMGradientView */ = {
			isa = PBXGroup;
			children = (
				C125D33E19AEDA1D00D9E892 /* LICENSE.txt */,
				C125D33F19AEDA1D00D9E892 /* SAMGradientView.h */,
				C125D34019AEDA1D00D9E892 /* SAMGradientView.m */,
			);
			path = SAMGradientView;
			sourceTree = "<group>";
		};
		C12FE79519D12014001209B2 /* JGActionSheet */ = {
			isa = PBXGroup;
			children = (
				C12FE79619D12014001209B2 /* JGActionSheet.h */,
				C12FE79719D12014001209B2 /* JGActionSheet.m */,
			);
			path = JGActionSheet;
			sourceTree = "<group>";
		};
		C14EBAD419E4BC3E00AD7A17 /* RandomColor */ = {
			isa = PBXGroup;
			children = (
				C14EBAD519E4BC3E00AD7A17 /* UIColor+HBVHarmonies.h */,
				C14EBAD619E4BC3E00AD7A17 /* UIColor+HBVHarmonies.m */,
			);
			path = RandomColor;
			sourceTree = "<group>";
		};
		C1734D2919D8F21400813FA1 /* File */ = {
			isa = PBXGroup;
			children = (
				C1734D2A19D8F22600813FA1 /* FCFileManager */,
			);
			name = File;
			sourceTree = "<group>";
		};
		C1734D2A19D8F22600813FA1 /* FCFileManager */ = {
			isa = PBXGroup;
			children = (
				C1734D2B19D8F22600813FA1 /* FCFileManager.h */,
				C1734D2C19D8F22600813FA1 /* FCFileManager.m */,
			);
			path = FCFileManager;
			sourceTree = "<group>";
		};
		C1ABF0C619985CF400E622CA /* JASidePanels */ = {
			isa = PBXGroup;
			children = (
				C1ABF0C719985CF400E622CA /* JASidePanelController.h */,
				C1ABF0C819985CF400E622CA /* JASidePanelController.m */,
				C1ABF0C919985CF400E622CA /* LogViewController.h */,
				C1ABF0CA19985CF400E622CA /* LogViewController.m */,
				C1ABF0CB19985CF400E622CA /* UIViewController+JASidePanel.h */,
				C1ABF0CC19985CF400E622CA /* UIViewController+JASidePanel.m */,
			);
			path = JASidePanels;
			sourceTree = "<group>";
		};
		C1EF465B19D7F9C200CD7E32 /* TOWebViewController */ = {
			isa = PBXGroup;
			children = (
				C1EF465C19D7F9C200CD7E32 /* TOWebViewControllerLocalizable.strings */,
				C1EF466319D7F9C200CD7E32 /* TOActivityChrome.h */,
				C1EF466419D7F9C200CD7E32 /* TOActivityChrome.m */,
				C1EF466519D7F9C200CD7E32 /* TOActivitySafari.h */,
				C1EF466619D7F9C200CD7E32 /* TOActivitySafari.m */,
				C1EF466719D7F9C200CD7E32 /* TOWebViewController.h */,
				C1EF466819D7F9C200CD7E32 /* TOWebViewController.m */,
				C1EF466919D7F9C200CD7E32 /* UIImage+TOWebViewControllerIcons.h */,
				C1EF466A19D7F9C200CD7E32 /* UIImage+TOWebViewControllerIcons.m */,
			);
			path = TOWebViewController;
			sourceTree = "<group>";
		};
		C1F0580919C961BA0073530A /* MaryPopin */ = {
			isa = PBXGroup;
			children = (
				C1F0580A19C961BA0073530A /* UIViewController+MaryPopin.h */,
				C1F0580B19C961BA0073530A /* UIViewController+MaryPopin.m */,
			);
			path = MaryPopin;
			sourceTree = "<group>";
		};
/* End PBXGroup section */

/* Begin PBXNativeTarget section */
		C122902A19973A2B00460667 /* Clarity */ = {
			isa = PBXNativeTarget;
			buildConfigurationList = C122905D19973A2B00460667 /* Build configuration list for PBXNativeTarget "Clarity" */;
			buildPhases = (
				B7C25287F0C442A69F772C87 /* Check Pods Manifest.lock */,
				C122902719973A2B00460667 /* Sources */,
				C122902819973A2B00460667 /* Frameworks */,
				C122902919973A2B00460667 /* Resources */,
				A38B34C1F1854BE9B8821CD9 /* Copy Pods Resources */,
			);
			buildRules = (
			);
			dependencies = (
			);
			name = Clarity;
			productName = Clarity;
			productReference = C122902B19973A2B00460667 /* Clarity.app */;
			productType = "com.apple.product-type.application";
		};
		C122904A19973A2B00460667 /* ClarityTests */ = {
			isa = PBXNativeTarget;
			buildConfigurationList = C122906019973A2B00460667 /* Build configuration list for PBXNativeTarget "ClarityTests" */;
			buildPhases = (
				C122904719973A2B00460667 /* Sources */,
				C122904819973A2B00460667 /* Frameworks */,
				C122904919973A2B00460667 /* Resources */,
			);
			buildRules = (
			);
			dependencies = (
				C122905219973A2B00460667 /* PBXTargetDependency */,
			);
			name = ClarityTests;
			productName = ClarityTests;
			productReference = C122904B19973A2B00460667 /* ClarityTests.xctest */;
			productType = "com.apple.product-type.bundle.unit-test";
		};
/* End PBXNativeTarget section */

/* Begin PBXProject section */
		C122902319973A2B00460667 /* Project object */ = {
			isa = PBXProject;
			attributes = {
				LastUpgradeCheck = 0610;
				ORGANIZATIONNAME = lovejunsoft;
				TargetAttributes = {
					C122902A19973A2B00460667 = {
						DevelopmentTeam = 9DHQ6GLLC9;
					};
					C122904A19973A2B00460667 = {
						TestTargetID = C122902A19973A2B00460667;
					};
				};
			};
			buildConfigurationList = C122902619973A2B00460667 /* Build configuration list for PBXProject "Clarity" */;
			compatibilityVersion = "Xcode 3.2";
			developmentRegion = English;
			hasScannedForEncodings = 0;
			knownRegions = (
				en,
				da,
				de,
				"es-ES",
				es,
				fr,
				ja,
				"zh-Hans",
				"zh-Hant",
				ko,
				pl,
			);
			mainGroup = C122902219973A2B00460667;
			productRefGroup = C122902C19973A2B00460667 /* Products */;
			projectDirPath = "";
			projectRoot = "";
			targets = (
				C122902A19973A2B00460667 /* Clarity */,
				C122904A19973A2B00460667 /* ClarityTests */,
			);
		};
/* End PBXProject section */

/* Begin PBXResourcesBuildPhase section */
		C122902919973A2B00460667 /* Resources */ = {
			isa = PBXResourcesBuildPhase;
			buildActionMask = 2147483647;
			files = (
				C12290E819973B6C00460667 /* jMarkdown_iPad.css in Resources */,
				C122908D19973A6400460667 /* README_UIImage-ResizeMagick.md in Resources */,
				C12290FD19973BAA00460667 /* NoteTableViewCell.xib in Resources */,
				C12290E519973B6000460667 /* ClarityMarkdownSyntaxGuide.html in Resources */,
				C125D34219AEDA1D00D9E892 /* WhatsNew.strings in Resources */,
				C16A52541A188BD900DF9267 /* Launch Screen.xib in Resources */,
				C12290FB19973BAA00460667 /* LeftTableViewCell.xib in Resources */,
				C173258F19D24C1C001ED5D5 /* AboutClarity_iPad.html in Resources */,
				C12290E419973B6000460667 /* Clarity_OpenSourceLicences.html in Resources */,
				C1EF466D19D7F9C200CD7E32 /* TOWebViewControllerLocalizable.strings in Resources */,
				C1303D4C19E28CF100A6FB03 /* jMarkdown_iPad_ForWebView.css in Resources */,
				C122903B19973A2B00460667 /* InfoPlist.strings in Resources */,
				C125D34D19AEDA4800D9E892 /* What's New.plist in Resources */,
				C1E7469C19E4D99700FCACE5 /* jMarkdown_iPhone_ForWebView.css in Resources */,
				C173259119D24C1C001ED5D5 /* ClarityMarkdownSyntaxGuide_iPad.html in Resources */,
				C12290DA19973A7E00460667 /* NoteTitlePopinViewController.xib in Resources */,
				C12FE79019CFBA64001209B2 /* Main_iPad.storyboard in Resources */,
				C12290E319973B6000460667 /* AboutClarity.html in Resources */,
				C125D34919AEDA1D00D9E892 /* LICENSE.txt in Resources */,
				C122910E19973D0600460667 /* Main_iPhone.storyboard in Resources */,
				C1E7469A19E4D82A00FCACE5 /* jMarkdown_iPhone.css in Resources */,
				C122908F19973A6400460667 /* UIImage-ResizeMagick.podspec in Resources */,
				C173259519D25D84001ED5D5 /* NoteTitlePopinViewController_iPad.xib in Resources */,
				C122908B19973A6400460667 /* .gitignore in Resources */,
				C122908C19973A6400460667 /* LICENSE_UIImage-ResizeMagick in Resources */,
				C173259019D24C1C001ED5D5 /* Clarity_OpenSourceLicences_iPad.html in Resources */,
				C125D34B19AEDA1D00D9E892 /* WhatsNewLICENSE.md in Resources */,
				C122904619973A2B00460667 /* Images.xcassets in Resources */,
			);
			runOnlyForDeploymentPostprocessing = 0;
		};
		C122904919973A2B00460667 /* Resources */ = {
			isa = PBXResourcesBuildPhase;
			buildActionMask = 2147483647;
			files = (
				C122905819973A2B00460667 /* InfoPlist.strings in Resources */,
			);
			runOnlyForDeploymentPostprocessing = 0;
		};
/* End PBXResourcesBuildPhase section */

/* Begin PBXShellScriptBuildPhase section */
		A38B34C1F1854BE9B8821CD9 /* Copy Pods Resources */ = {
			isa = PBXShellScriptBuildPhase;
			buildActionMask = 2147483647;
			files = (
			);
			inputPaths = (
			);
			name = "Copy Pods Resources";
			outputPaths = (
			);
			runOnlyForDeploymentPostprocessing = 0;
			shellPath = /bin/sh;
			shellScript = "\"${SRCROOT}/Pods/Pods-resources.sh\"\n";
			showEnvVarsInLog = 0;
		};
		B7C25287F0C442A69F772C87 /* Check Pods Manifest.lock */ = {
			isa = PBXShellScriptBuildPhase;
			buildActionMask = 2147483647;
			files = (
			);
			inputPaths = (
			);
			name = "Check Pods Manifest.lock";
			outputPaths = (
			);
			runOnlyForDeploymentPostprocessing = 0;
			shellPath = /bin/sh;
			shellScript = "diff \"${PODS_ROOT}/../Podfile.lock\" \"${PODS_ROOT}/Manifest.lock\" > /dev/null\nif [[ $? != 0 ]] ; then\n    cat << EOM\nerror: The sandbox is not in sync with the Podfile.lock. Run 'pod install' or update your CocoaPods installation.\nEOM\n    exit 1\nfi\n";
			showEnvVarsInLog = 0;
		};
/* End PBXShellScriptBuildPhase section */

/* Begin PBXSourcesBuildPhase section */
		C122902719973A2B00460667 /* Sources */ = {
			isa = PBXSourcesBuildPhase;
			buildActionMask = 2147483647;
			files = (
				C1ABF0CF19985CF400E622CA /* UIViewController+JASidePanel.m in Sources */,
				C12290FA19973BAA00460667 /* LeftTableViewCell.m in Sources */,
				C12290D419973A7E00460667 /* LocalAddEditViewController.m in Sources */,
				C12290CE19973A7E00460667 /* AboutViewController.m in Sources */,
				C12290D619973A7E00460667 /* LocalStarViewController.m in Sources */,
				C12290D919973A7E00460667 /* NoteTitlePopinViewController.m in Sources */,
				C1ABF0C519985B7A00E622CA /* MainSidePanelViewController.m in Sources */,
				C1EF466E19D7F9C200CD7E32 /* TOActivityChrome.m in Sources */,
				C1EF467019D7F9C200CD7E32 /* TOWebViewController.m in Sources */,
				C12290D019973A7E00460667 /* DropboxNoteListViewController.m in Sources */,
				C12290A719973A7200460667 /* UIImage+MakeThumbnail.m in Sources */,
				C12290A419973A7200460667 /* UIButtonPressAndHold.m in Sources */,
				C121D4EC19C93BCE0098BC94 /* Note.m in Sources */,
				C12290F919973BAA00460667 /* JTextView.m in Sources */,
				C12290FC19973BAA00460667 /* NoteTableViewCell.m in Sources */,
				C122908A19973A6400460667 /* DoActionSheet.m in Sources */,
				C12290F819973BAA00460667 /* BackgroundLayer.m in Sources */,
				C122908E19973A6400460667 /* UIImage+ResizeMagick.m in Sources */,
				C125D34619AEDA1D00D9E892 /* MTZWhatsNewGridViewController.m in Sources */,
				C122909719973A6400460667 /* YRDropdownView.m in Sources */,
				C125D34419AEDA1D00D9E892 /* MTZCollectionView.m in Sources */,
				C1ABF0CD19985CF400E622CA /* JASidePanelController.m in Sources */,
				C12290DB19973A7E00460667 /* OpenSourceLicencesViewController.m in Sources */,
				C1F1CC8519DE522600E916AA /* LocalNote.m in Sources */,
				C122904119973A2B00460667 /* AppDelegate.m in Sources */,
				C14EBAD719E4BC3E00AD7A17 /* UIColor+HBVHarmonies.m in Sources */,
				C12290EC19973BA100460667 /* WelcomePage.m in Sources */,
				C12290D219973A7E00460667 /* DropboxStarViewController.m in Sources */,
				C12290A519973A7200460667 /* UIColor+CustomColors.m in Sources */,
				C12290D319973A7E00460667 /* LeftViewController.m in Sources */,
				C12290DC19973A7E00460667 /* SupportTableViewController.m in Sources */,
				C125D34319AEDA1D00D9E892 /* MTZWhatsNew.m in Sources */,
				C1EF466F19D7F9C200CD7E32 /* TOActivitySafari.m in Sources */,
				C12FE79319CFD54A001209B2 /* BlankViewController.m in Sources */,
				C12290DE19973A7E00460667 /* WelcomeViewController.m in Sources */,
				C125D34A19AEDA1D00D9E892 /* SAMGradientView.m in Sources */,
				C12290D519973A7E00460667 /* LocalNoteListViewController.m in Sources */,
				C12290CD19973A7E00460667 /* ClarityConstants.m in Sources */,
				C12290D119973A7E00460667 /* DropboxSettingsTableViewController.m in Sources */,
				C1EF467119D7F9C200CD7E32 /* UIImage+TOWebViewControllerIcons.m in Sources */,
				C1F1CC8819DE541300E916AA /* DropboxNote.m in Sources */,
				C12290D819973A7E00460667 /* MarkdownWebViewController.m in Sources */,
				C12290CF19973A7E00460667 /* DropboxAddEditViewController.m in Sources */,
				C10EB48219E7579D00409AEE /* SDiPhoneVersion.m in Sources */,
				C1F0580C19C961BA0073530A /* UIViewController+MaryPopin.m in Sources */,
				C12290D719973A7E00460667 /* MarkdownGuideViewController.m in Sources */,
				C125D34519AEDA1D00D9E892 /* MTZWhatsNewFeatureCollectionViewCell.m in Sources */,
				C125D34819AEDA1D00D9E892 /* NSLayoutConstraint+Common.m in Sources */,
				C122903D19973A2B00460667 /* main.m in Sources */,
				C122910819973BE100460667 /* NoteDataManager.m in Sources */,
				C122910C19973CE100460667 /* Clarity.xcdatamodeld in Sources */,
				C12290A319973A7200460667 /* NSUserDefaults+Extension.m in Sources */,
				C12FE79819D12014001209B2 /* JGActionSheet.m in Sources */,
				C12290A619973A7200460667 /* UIImage+ChangeColor.m in Sources */,
				C12290DD19973A7E00460667 /* WelcomePageViewController.m in Sources */,
				C125D34719AEDA1D00D9E892 /* MTZWhatsNewViewController.m in Sources */,
				C1734D2D19D8F22600813FA1 /* FCFileManager.m in Sources */,
				C1ABF0CE19985CF400E622CA /* LogViewController.m in Sources */,
			);
			runOnlyForDeploymentPostprocessing = 0;
		};
		C122904719973A2B00460667 /* Sources */ = {
			isa = PBXSourcesBuildPhase;
			buildActionMask = 2147483647;
			files = (
				C122905A19973A2B00460667 /* ClarityTests.m in Sources */,
			);
			runOnlyForDeploymentPostprocessing = 0;
		};
/* End PBXSourcesBuildPhase section */

/* Begin PBXTargetDependency section */
		C122905219973A2B00460667 /* PBXTargetDependency */ = {
			isa = PBXTargetDependency;
			target = C122902A19973A2B00460667 /* Clarity */;
			targetProxy = C122905119973A2B00460667 /* PBXContainerItemProxy */;
		};
/* End PBXTargetDependency section */

/* Begin PBXVariantGroup section */
		C122903919973A2B00460667 /* InfoPlist.strings */ = {
			isa = PBXVariantGroup;
			children = (
				C122903A19973A2B00460667 /* en */,
			);
			name = InfoPlist.strings;
			sourceTree = "<group>";
		};
		C122905619973A2B00460667 /* InfoPlist.strings */ = {
			isa = PBXVariantGroup;
			children = (
				C122905719973A2B00460667 /* en */,
			);
			name = InfoPlist.strings;
			sourceTree = "<group>";
		};
		C125D32C19AEDA1D00D9E892 /* WhatsNew.strings */ = {
			isa = PBXVariantGroup;
			children = (
				C125D32D19AEDA1D00D9E892 /* en */,
				C125D32E19AEDA1D00D9E892 /* fr */,
			);
			name = WhatsNew.strings;
			sourceTree = "<group>";
		};
		C1EF465C19D7F9C200CD7E32 /* TOWebViewControllerLocalizable.strings */ = {
			isa = PBXVariantGroup;
			children = (
				C1EF465D19D7F9C200CD7E32 /* de */,
				C1EF465E19D7F9C200CD7E32 /* en */,
				C1EF465F19D7F9C200CD7E32 /* es */,
				C1EF466019D7F9C200CD7E32 /* ja */,
				C1EF466119D7F9C200CD7E32 /* ko */,
				C1EF466219D7F9C200CD7E32 /* pl */,
				C1EF466B19D7F9C200CD7E32 /* zh-Hans */,
				C1EF466C19D7F9C200CD7E32 /* zh-Hant */,
			);
			name = TOWebViewControllerLocalizable.strings;
			sourceTree = "<group>";
		};
/* End PBXVariantGroup section */

/* Begin XCBuildConfiguration section */
		C122905B19973A2B00460667 /* Debug */ = {
			isa = XCBuildConfiguration;
			buildSettings = {
				ALWAYS_SEARCH_USER_PATHS = NO;
				ARCHS = (
					armv7,
					armv7s,
				);
				CLANG_CXX_LANGUAGE_STANDARD = "gnu++0x";
				CLANG_CXX_LIBRARY = "libc++";
				CLANG_ENABLE_MODULES = YES;
				CLANG_ENABLE_OBJC_ARC = YES;
				CLANG_WARN_BOOL_CONVERSION = YES;
				CLANG_WARN_CONSTANT_CONVERSION = YES;
				CLANG_WARN_DIRECT_OBJC_ISA_USAGE = YES_ERROR;
				CLANG_WARN_EMPTY_BODY = YES;
				CLANG_WARN_ENUM_CONVERSION = YES;
				CLANG_WARN_INT_CONVERSION = YES;
				CLANG_WARN_OBJC_ROOT_CLASS = YES_ERROR;
				CLANG_WARN__DUPLICATE_METHOD_MATCH = YES;
				CODE_SIGN_IDENTITY = "iPhone Distribution: Jaehyun Park (9DHQ6GLLC9)";
				"CODE_SIGN_IDENTITY[sdk=iphoneos*]" = "iPhone Distribution: Jaehyun Park (9DHQ6GLLC9)";
				COPY_PHASE_STRIP = NO;
				GCC_C_LANGUAGE_STANDARD = gnu99;
				GCC_DYNAMIC_NO_PIC = NO;
				GCC_OPTIMIZATION_LEVEL = 0;
				GCC_PREPROCESSOR_DEFINITIONS = (
					"DEBUG=1",
					"$(inherited)",
				);
				GCC_SYMBOLS_PRIVATE_EXTERN = NO;
				GCC_WARN_64_TO_32_BIT_CONVERSION = YES;
				GCC_WARN_ABOUT_RETURN_TYPE = YES_ERROR;
				GCC_WARN_UNDECLARED_SELECTOR = YES;
				GCC_WARN_UNINITIALIZED_AUTOS = YES_AGGRESSIVE;
				GCC_WARN_UNUSED_FUNCTION = YES;
				GCC_WARN_UNUSED_VARIABLE = YES;
				IPHONEOS_DEPLOYMENT_TARGET = 7.0;
				ONLY_ACTIVE_ARCH = YES;
				PROVISIONING_PROFILE = "84498e10-11d1-4007-89ea-89d99b9ca5cc";
				SDKROOT = iphoneos;
				VALID_ARCHS = "arm64 armv7 armv7s";
			};
			name = Debug;
		};
		C122905C19973A2B00460667 /* Release */ = {
			isa = XCBuildConfiguration;
			buildSettings = {
				ALWAYS_SEARCH_USER_PATHS = NO;
				ARCHS = (
					armv7,
					armv7s,
				);
				CLANG_CXX_LANGUAGE_STANDARD = "gnu++0x";
				CLANG_CXX_LIBRARY = "libc++";
				CLANG_ENABLE_MODULES = YES;
				CLANG_ENABLE_OBJC_ARC = YES;
				CLANG_WARN_BOOL_CONVERSION = YES;
				CLANG_WARN_CONSTANT_CONVERSION = YES;
				CLANG_WARN_DIRECT_OBJC_ISA_USAGE = YES_ERROR;
				CLANG_WARN_EMPTY_BODY = YES;
				CLANG_WARN_ENUM_CONVERSION = YES;
				CLANG_WARN_INT_CONVERSION = YES;
				CLANG_WARN_OBJC_ROOT_CLASS = YES_ERROR;
				CLANG_WARN__DUPLICATE_METHOD_MATCH = YES;
				CODE_SIGN_IDENTITY = "iPhone Distribution: Jaehyun Park (9DHQ6GLLC9)";
				"CODE_SIGN_IDENTITY[sdk=iphoneos*]" = "iPhone Distribution: Jaehyun Park (9DHQ6GLLC9)";
				COPY_PHASE_STRIP = YES;
				ENABLE_NS_ASSERTIONS = NO;
				GCC_C_LANGUAGE_STANDARD = gnu99;
				GCC_WARN_64_TO_32_BIT_CONVERSION = YES;
				GCC_WARN_ABOUT_RETURN_TYPE = YES_ERROR;
				GCC_WARN_UNDECLARED_SELECTOR = YES;
				GCC_WARN_UNINITIALIZED_AUTOS = YES_AGGRESSIVE;
				GCC_WARN_UNUSED_FUNCTION = YES;
				GCC_WARN_UNUSED_VARIABLE = YES;
				IPHONEOS_DEPLOYMENT_TARGET = 7.0;
				ONLY_ACTIVE_ARCH = NO;
				PROVISIONING_PROFILE = "84498e10-11d1-4007-89ea-89d99b9ca5cc";
				SDKROOT = iphoneos;
				VALIDATE_PRODUCT = YES;
				VALID_ARCHS = "arm64 armv7 armv7s";
			};
			name = Release;
		};
		C122905E19973A2B00460667 /* Debug */ = {
			isa = XCBuildConfiguration;
			baseConfigurationReference = 62EF1565489047DBA75023BE /* Pods.xcconfig */;
			buildSettings = {
				ARCHS = (
					armv7,
					armv7s,
				);
				ASSETCATALOG_COMPILER_APPICON_NAME = AppIcon;
				ASSETCATALOG_COMPILER_LAUNCHIMAGE_NAME = LaunchImage;
				CODE_SIGN_IDENTITY = "iPhone Developer: Jaehyun Park (4G33DL5DA4)";
				"CODE_SIGN_IDENTITY[sdk=iphoneos*]" = "iPhone Developer: Jaehyun Park (4G33DL5DA4)";
				FRAMEWORK_SEARCH_PATHS = (
					"$(inherited)",
					"$(PROJECT_DIR)",
				);
				GCC_PRECOMPILE_PREFIX_HEADER = YES;
				GCC_PREFIX_HEADER = "Clarity/Clarity-Prefix.pch";
				HEADER_SEARCH_PATHS = (
					"\"${PODS_ROOT}/Headers\"",
					"\"${PODS_ROOT}/Headers/Dropbox-Sync-API-SDK\"",
					"\"${PODS_ROOT}/Headers/FRLayeredNavigationController\"",
					"\"${PODS_ROOT}/Headers/ParcelKit\"",
					"\"$(CONFIGURATION_BUILD_DIR)/MMMarkdown-iOS/public/\"",
				);
				INFOPLIST_FILE = "Clarity/Clarity-Info.plist";
				IPHONEOS_DEPLOYMENT_TARGET = 7.0;
				LIBRARY_SEARCH_PATHS = (
					"$(inherited)",
					"$(PROJECT_DIR)/MMMarkdown",
				);
				ONLY_ACTIVE_ARCH = YES;
				PRODUCT_NAME = "$(TARGET_NAME)";
				PROVISIONING_PROFILE = "ce12a8b3-7695-4c3a-b38d-69d45865dbdd";
				TARGETED_DEVICE_FAMILY = "1,2";
				VALID_ARCHS = "arm64 armv7 armv7s";
				WRAPPER_EXTENSION = app;
			};
			name = Debug;
		};
		C122905F19973A2B00460667 /* Release */ = {
			isa = XCBuildConfiguration;
			baseConfigurationReference = 62EF1565489047DBA75023BE /* Pods.xcconfig */;
			buildSettings = {
				ARCHS = (
					armv7,
					armv7s,
				);
				ASSETCATALOG_COMPILER_APPICON_NAME = AppIcon;
				ASSETCATALOG_COMPILER_LAUNCHIMAGE_NAME = LaunchImage;
				CODE_SIGN_IDENTITY = "iPhone Developer: Jaehyun Park (4G33DL5DA4)";
				"CODE_SIGN_IDENTITY[sdk=iphoneos*]" = "iPhone Developer: Jaehyun Park (4G33DL5DA4)";
				FRAMEWORK_SEARCH_PATHS = (
					"$(inherited)",
					"$(PROJECT_DIR)",
				);
				GCC_PRECOMPILE_PREFIX_HEADER = YES;
				GCC_PREFIX_HEADER = "Clarity/Clarity-Prefix.pch";
				HEADER_SEARCH_PATHS = (
					"\"${PODS_ROOT}/Headers\"",
					"\"${PODS_ROOT}/Headers/Dropbox-Sync-API-SDK\"",
					"\"${PODS_ROOT}/Headers/FRLayeredNavigationController\"",
					"\"${PODS_ROOT}/Headers/ParcelKit\"",
					"\"$(CONFIGURATION_BUILD_DIR)/MMMarkdown-iOS/public/\"",
				);
				INFOPLIST_FILE = "Clarity/Clarity-Info.plist";
				IPHONEOS_DEPLOYMENT_TARGET = 7.0;
				LIBRARY_SEARCH_PATHS = (
					"$(inherited)",
					"$(PROJECT_DIR)/MMMarkdown",
				);
				ONLY_ACTIVE_ARCH = NO;
				PRODUCT_NAME = "$(TARGET_NAME)";
				PROVISIONING_PROFILE = "ce12a8b3-7695-4c3a-b38d-69d45865dbdd";
				TARGETED_DEVICE_FAMILY = "1,2";
				VALID_ARCHS = "arm64 armv7 armv7s";
				WRAPPER_EXTENSION = app;
			};
			name = Release;
		};
		C122906119973A2B00460667 /* Debug */ = {
			isa = XCBuildConfiguration;
			buildSettings = {
				BUNDLE_LOADER = "$(BUILT_PRODUCTS_DIR)/Clarity.app/Clarity";
				FRAMEWORK_SEARCH_PATHS = (
					"$(SDKROOT)/Developer/Library/Frameworks",
					"$(inherited)",
					"$(DEVELOPER_FRAMEWORKS_DIR)",
				);
				GCC_PRECOMPILE_PREFIX_HEADER = YES;
				GCC_PREFIX_HEADER = "Clarity/Clarity-Prefix.pch";
				GCC_PREPROCESSOR_DEFINITIONS = (
					"DEBUG=1",
					"$(inherited)",
				);
				INFOPLIST_FILE = "ClarityTests/ClarityTests-Info.plist";
				PRODUCT_NAME = "$(TARGET_NAME)";
				TEST_HOST = "$(BUNDLE_LOADER)";
				WRAPPER_EXTENSION = xctest;
			};
			name = Debug;
		};
		C122906219973A2B00460667 /* Release */ = {
			isa = XCBuildConfiguration;
			buildSettings = {
				BUNDLE_LOADER = "$(BUILT_PRODUCTS_DIR)/Clarity.app/Clarity";
				FRAMEWORK_SEARCH_PATHS = (
					"$(SDKROOT)/Developer/Library/Frameworks",
					"$(inherited)",
					"$(DEVELOPER_FRAMEWORKS_DIR)",
				);
				GCC_PRECOMPILE_PREFIX_HEADER = YES;
				GCC_PREFIX_HEADER = "Clarity/Clarity-Prefix.pch";
				INFOPLIST_FILE = "ClarityTests/ClarityTests-Info.plist";
				PRODUCT_NAME = "$(TARGET_NAME)";
				TEST_HOST = "$(BUNDLE_LOADER)";
				WRAPPER_EXTENSION = xctest;
			};
			name = Release;
		};
		C19C4420199B77ED004C85FE /* Distribution */ = {
			isa = XCBuildConfiguration;
			buildSettings = {
				ALWAYS_SEARCH_USER_PATHS = NO;
				ARCHS = (
					armv7,
					armv7s,
				);
				CLANG_CXX_LANGUAGE_STANDARD = "gnu++0x";
				CLANG_CXX_LIBRARY = "libc++";
				CLANG_ENABLE_MODULES = YES;
				CLANG_ENABLE_OBJC_ARC = YES;
				CLANG_WARN_BOOL_CONVERSION = YES;
				CLANG_WARN_CONSTANT_CONVERSION = YES;
				CLANG_WARN_DIRECT_OBJC_ISA_USAGE = YES_ERROR;
				CLANG_WARN_EMPTY_BODY = YES;
				CLANG_WARN_ENUM_CONVERSION = YES;
				CLANG_WARN_INT_CONVERSION = YES;
				CLANG_WARN_OBJC_ROOT_CLASS = YES_ERROR;
				CLANG_WARN__DUPLICATE_METHOD_MATCH = YES;
				CODE_SIGN_IDENTITY = "iPhone Distribution: Jaehyun Park (9DHQ6GLLC9)";
				"CODE_SIGN_IDENTITY[sdk=iphoneos*]" = "iPhone Distribution: Jaehyun Park (9DHQ6GLLC9)";
				COPY_PHASE_STRIP = YES;
				ENABLE_NS_ASSERTIONS = NO;
				GCC_C_LANGUAGE_STANDARD = gnu99;
				GCC_WARN_64_TO_32_BIT_CONVERSION = YES;
				GCC_WARN_ABOUT_RETURN_TYPE = YES_ERROR;
				GCC_WARN_UNDECLARED_SELECTOR = YES;
				GCC_WARN_UNINITIALIZED_AUTOS = YES_AGGRESSIVE;
				GCC_WARN_UNUSED_FUNCTION = YES;
				GCC_WARN_UNUSED_VARIABLE = YES;
				IPHONEOS_DEPLOYMENT_TARGET = 7.0;
				ONLY_ACTIVE_ARCH = NO;
				PROVISIONING_PROFILE = "84498e10-11d1-4007-89ea-89d99b9ca5cc";
				SDKROOT = iphoneos;
				VALIDATE_PRODUCT = YES;
				VALID_ARCHS = "arm64 armv7 armv7s";
			};
			name = Distribution;
		};
		C19C4421199B77ED004C85FE /* Distribution */ = {
			isa = XCBuildConfiguration;
			baseConfigurationReference = 62EF1565489047DBA75023BE /* Pods.xcconfig */;
			buildSettings = {
				ARCHS = (
					armv7,
					armv7s,
				);
				ASSETCATALOG_COMPILER_APPICON_NAME = AppIcon;
				ASSETCATALOG_COMPILER_LAUNCHIMAGE_NAME = LaunchImage;
				CODE_SIGN_IDENTITY = "iPhone Developer: Jaehyun Park (4G33DL5DA4)";
				"CODE_SIGN_IDENTITY[sdk=iphoneos*]" = "iPhone Developer: Jaehyun Park (4G33DL5DA4)";
				FRAMEWORK_SEARCH_PATHS = (
					"$(inherited)",
					"$(PROJECT_DIR)",
				);
				GCC_PRECOMPILE_PREFIX_HEADER = YES;
				GCC_PREFIX_HEADER = "Clarity/Clarity-Prefix.pch";
				HEADER_SEARCH_PATHS = (
					"\"${PODS_ROOT}/Headers\"",
					"\"${PODS_ROOT}/Headers/Dropbox-Sync-API-SDK\"",
					"\"${PODS_ROOT}/Headers/FRLayeredNavigationController\"",
					"\"${PODS_ROOT}/Headers/ParcelKit\"",
					"\"$(CONFIGURATION_BUILD_DIR)/MMMarkdown-iOS/public/\"",
				);
				INFOPLIST_FILE = "Clarity/Clarity-Info.plist";
				IPHONEOS_DEPLOYMENT_TARGET = 7.0;
				LIBRARY_SEARCH_PATHS = (
					"$(inherited)",
					"$(PROJECT_DIR)/MMMarkdown",
				);
				ONLY_ACTIVE_ARCH = NO;
				PRODUCT_NAME = "$(TARGET_NAME)";
				PROVISIONING_PROFILE = "ce12a8b3-7695-4c3a-b38d-69d45865dbdd";
				TARGETED_DEVICE_FAMILY = "1,2";
				VALID_ARCHS = "arm64 armv7 armv7s";
				WRAPPER_EXTENSION = app;
			};
			name = Distribution;
		};
		C19C4422199B77ED004C85FE /* Distribution */ = {
			isa = XCBuildConfiguration;
			buildSettings = {
				BUNDLE_LOADER = "$(BUILT_PRODUCTS_DIR)/Clarity.app/Clarity";
				FRAMEWORK_SEARCH_PATHS = (
					"$(SDKROOT)/Developer/Library/Frameworks",
					"$(inherited)",
					"$(DEVELOPER_FRAMEWORKS_DIR)",
				);
				GCC_PRECOMPILE_PREFIX_HEADER = YES;
				GCC_PREFIX_HEADER = "Clarity/Clarity-Prefix.pch";
				INFOPLIST_FILE = "ClarityTests/ClarityTests-Info.plist";
				PRODUCT_NAME = "$(TARGET_NAME)";
				TEST_HOST = "$(BUNDLE_LOADER)";
				WRAPPER_EXTENSION = xctest;
			};
			name = Distribution;
		};
/* End XCBuildConfiguration section */

/* Begin XCConfigurationList section */
		C122902619973A2B00460667 /* Build configuration list for PBXProject "Clarity" */ = {
			isa = XCConfigurationList;
			buildConfigurations = (
				C122905B19973A2B00460667 /* Debug */,
				C122905C19973A2B00460667 /* Release */,
				C19C4420199B77ED004C85FE /* Distribution */,
			);
			defaultConfigurationIsVisible = 0;
			defaultConfigurationName = Release;
		};
		C122905D19973A2B00460667 /* Build configuration list for PBXNativeTarget "Clarity" */ = {
			isa = XCConfigurationList;
			buildConfigurations = (
				C122905E19973A2B00460667 /* Debug */,
				C122905F19973A2B00460667 /* Release */,
				C19C4421199B77ED004C85FE /* Distribution */,
			);
			defaultConfigurationIsVisible = 0;
			defaultConfigurationName = Release;
		};
		C122906019973A2B00460667 /* Build configuration list for PBXNativeTarget "ClarityTests" */ = {
			isa = XCConfigurationList;
			buildConfigurations = (
				C122906119973A2B00460667 /* Debug */,
				C122906219973A2B00460667 /* Release */,
				C19C4422199B77ED004C85FE /* Distribution */,
			);
			defaultConfigurationIsVisible = 0;
			defaultConfigurationName = Release;
		};
/* End XCConfigurationList section */

/* Begin XCVersionGroup section */
		C122910A19973CE100460667 /* Clarity.xcdatamodeld */ = {
			isa = XCVersionGroup;
			children = (
				C12FE79419D1110E001209B2 /* ClarityHD 4.xcdatamodel */,
				C187AFAC19DCE89C00594616 /* ClarityHD 5.xcdatamodel */,
				C1F1CC8219DE515700E916AA /* ClarityHD 6.xcdatamodel */,
				C1ADEA9619CD67E800C4DDE0 /* ClarityHD 3.xcdatamodel */,
				C121D4E619C93AB30098BC94 /* ClarityHD 2.xcdatamodel */,
				C122910B19973CE100460667 /* ClarityHD.xcdatamodel */,
			);
			currentVersion = C1F1CC8219DE515700E916AA /* ClarityHD 6.xcdatamodel */;
			path = Clarity.xcdatamodeld;
			sourceTree = "<group>";
			versionGroupType = wrapper.xcdatamodel;
		};
/* End XCVersionGroup section */
	};
	rootObject = C122902319973A2B00460667 /* Project object */;
}
